// !$*UTF8*$!
{
	archiveVersion = 1;
	classes = {
	};
	objectVersion = 46;
	objects = {

/* Begin PBXBuildFile section */
		871676381DE067A7003772C0 /* HWaterFallViewController.m in Sources */ = {isa = PBXBuildFile; fileRef = 871676371DE067A7003772C0 /* HWaterFallViewController.m */; };
		8716763B1DE067B5003772C0 /* WWaterFallViewController.m in Sources */ = {isa = PBXBuildFile; fileRef = 8716763A1DE067B5003772C0 /* WWaterFallViewController.m */; };
		8716776E1DE0C852003772C0 /* AFHTTPSessionManager.m in Sources */ = {isa = PBXBuildFile; fileRef = 871677481DE0C852003772C0 /* AFHTTPSessionManager.m */; };
		8716776F1DE0C852003772C0 /* AFNetworkReachabilityManager.m in Sources */ = {isa = PBXBuildFile; fileRef = 8716774B1DE0C852003772C0 /* AFNetworkReachabilityManager.m */; };
		871677701DE0C852003772C0 /* AFSecurityPolicy.m in Sources */ = {isa = PBXBuildFile; fileRef = 8716774D1DE0C852003772C0 /* AFSecurityPolicy.m */; };
		871677711DE0C852003772C0 /* AFURLRequestSerialization.m in Sources */ = {isa = PBXBuildFile; fileRef = 8716774F1DE0C852003772C0 /* AFURLRequestSerialization.m */; };
		871677721DE0C852003772C0 /* AFURLResponseSerialization.m in Sources */ = {isa = PBXBuildFile; fileRef = 871677511DE0C852003772C0 /* AFURLResponseSerialization.m */; };
		871677731DE0C852003772C0 /* AFURLSessionManager.m in Sources */ = {isa = PBXBuildFile; fileRef = 871677531DE0C852003772C0 /* AFURLSessionManager.m */; };
		871677741DE0C852003772C0 /* ApiPostData.m in Sources */ = {isa = PBXBuildFile; fileRef = 871677561DE0C852003772C0 /* ApiPostData.m */; };
		871677751DE0C852003772C0 /* ApiTool.m in Sources */ = {isa = PBXBuildFile; fileRef = 871677581DE0C852003772C0 /* ApiTool.m */; };
		871677761DE0C852003772C0 /* AFAutoPurgingImageCache.m in Sources */ = {isa = PBXBuildFile; fileRef = 8716775B1DE0C852003772C0 /* AFAutoPurgingImageCache.m */; };
		871677771DE0C852003772C0 /* AFImageDownloader.m in Sources */ = {isa = PBXBuildFile; fileRef = 8716775D1DE0C852003772C0 /* AFImageDownloader.m */; };
		871677781DE0C852003772C0 /* AFNetworkActivityIndicatorManager.m in Sources */ = {isa = PBXBuildFile; fileRef = 8716775F1DE0C852003772C0 /* AFNetworkActivityIndicatorManager.m */; };
		871677791DE0C852003772C0 /* UIActivityIndicatorView+AFNetworking.m in Sources */ = {isa = PBXBuildFile; fileRef = 871677611DE0C852003772C0 /* UIActivityIndicatorView+AFNetworking.m */; };
		8716777A1DE0C852003772C0 /* UIButton+AFNetworking.m in Sources */ = {isa = PBXBuildFile; fileRef = 871677631DE0C852003772C0 /* UIButton+AFNetworking.m */; };
		8716777B1DE0C852003772C0 /* UIImageView+AFNetworking.m in Sources */ = {isa = PBXBuildFile; fileRef = 871677661DE0C852003772C0 /* UIImageView+AFNetworking.m */; };
		8716777C1DE0C852003772C0 /* UIProgressView+AFNetworking.m in Sources */ = {isa = PBXBuildFile; fileRef = 871677691DE0C852003772C0 /* UIProgressView+AFNetworking.m */; };
		8716777D1DE0C852003772C0 /* UIRefreshControl+AFNetworking.m in Sources */ = {isa = PBXBuildFile; fileRef = 8716776B1DE0C852003772C0 /* UIRefreshControl+AFNetworking.m */; };
		8716777E1DE0C852003772C0 /* UIWebView+AFNetworking.m in Sources */ = {isa = PBXBuildFile; fileRef = 8716776D1DE0C852003772C0 /* UIWebView+AFNetworking.m */; };
		871677851DE0C87D003772C0 /* WWaterFallCell.m in Sources */ = {isa = PBXBuildFile; fileRef = 871677801DE0C87D003772C0 /* WWaterFallCell.m */; };
		871677861DE0C87D003772C0 /* WWaterFallLayout.m in Sources */ = {isa = PBXBuildFile; fileRef = 871677821DE0C87D003772C0 /* WWaterFallLayout.m */; };
		871677871DE0C87D003772C0 /* WWaterFallManager.m in Sources */ = {isa = PBXBuildFile; fileRef = 871677841DE0C87D003772C0 /* WWaterFallManager.m */; };
		871677911DE0C8A5003772C0 /* CmtsModel.m in Sources */ = {isa = PBXBuildFile; fileRef = 8716778A1DE0C8A5003772C0 /* CmtsModel.m */; };
		871677921DE0C8A5003772C0 /* PictureData.m in Sources */ = {isa = PBXBuildFile; fileRef = 8716778C1DE0C8A5003772C0 /* PictureData.m */; };
		871677931DE0C8A5003772C0 /* ResponseData.m in Sources */ = {isa = PBXBuildFile; fileRef = 8716778E1DE0C8A5003772C0 /* ResponseData.m */; };
		871677941DE0C8A5003772C0 /* WaterfallPictureModel.m in Sources */ = {isa = PBXBuildFile; fileRef = 871677901DE0C8A5003772C0 /* WaterfallPictureModel.m */; };
		871677971DE0C90D003772C0 /* CircleCollectionViewController.m in Sources */ = {isa = PBXBuildFile; fileRef = 871677961DE0C90D003772C0 /* CircleCollectionViewController.m */; };
		8716779B1DE0CBD4003772C0 /* FileManager.m in Sources */ = {isa = PBXBuildFile; fileRef = 8716779A1DE0CBD4003772C0 /* FileManager.m */; };
		8716779E1DE1EE83003772C0 /* HWaterFallCell.m in Sources */ = {isa = PBXBuildFile; fileRef = 8716779D1DE1EE83003772C0 /* HWaterFallCell.m */; };
		871677A11DE1EE95003772C0 /* HWaterFallManager.m in Sources */ = {isa = PBXBuildFile; fileRef = 871677A01DE1EE95003772C0 /* HWaterFallManager.m */; };
		871677A41DE1EEAA003772C0 /* HWaterFallLayout.m in Sources */ = {isa = PBXBuildFile; fileRef = 871677A31DE1EEAA003772C0 /* HWaterFallLayout.m */; };
		871677C61DE208EC003772C0 /* MKAnnotationView+WebCache.m in Sources */ = {isa = PBXBuildFile; fileRef = 871677A61DE208EC003772C0 /* MKAnnotationView+WebCache.m */; };
		871677C71DE208EC003772C0 /* NSData+ImageContentType.m in Sources */ = {isa = PBXBuildFile; fileRef = 871677A81DE208EC003772C0 /* NSData+ImageContentType.m */; };
		871677C81DE208EC003772C0 /* SDImageCache.m in Sources */ = {isa = PBXBuildFile; fileRef = 871677AA1DE208EC003772C0 /* SDImageCache.m */; };
		871677C91DE208EC003772C0 /* SDWebImageCompat.m in Sources */ = {isa = PBXBuildFile; fileRef = 871677AC1DE208EC003772C0 /* SDWebImageCompat.m */; };
		871677CA1DE208EC003772C0 /* SDWebImageDecoder.m in Sources */ = {isa = PBXBuildFile; fileRef = 871677AE1DE208EC003772C0 /* SDWebImageDecoder.m */; };
		871677CB1DE208EC003772C0 /* SDWebImageDownloader.m in Sources */ = {isa = PBXBuildFile; fileRef = 871677B01DE208EC003772C0 /* SDWebImageDownloader.m */; };
		871677CC1DE208EC003772C0 /* SDWebImageDownloaderOperation.m in Sources */ = {isa = PBXBuildFile; fileRef = 871677B21DE208EC003772C0 /* SDWebImageDownloaderOperation.m */; };
		871677CD1DE208EC003772C0 /* SDWebImageManager.m in Sources */ = {isa = PBXBuildFile; fileRef = 871677B41DE208EC003772C0 /* SDWebImageManager.m */; };
		871677CE1DE208EC003772C0 /* SDWebImagePrefetcher.m in Sources */ = {isa = PBXBuildFile; fileRef = 871677B71DE208EC003772C0 /* SDWebImagePrefetcher.m */; };
		871677CF1DE208EC003772C0 /* UIButton+WebCache.m in Sources */ = {isa = PBXBuildFile; fileRef = 871677B91DE208EC003772C0 /* UIButton+WebCache.m */; };
		871677D01DE208EC003772C0 /* UIImage+GIF.m in Sources */ = {isa = PBXBuildFile; fileRef = 871677BB1DE208EC003772C0 /* UIImage+GIF.m */; };
		871677D11DE208EC003772C0 /* UIImage+MultiFormat.m in Sources */ = {isa = PBXBuildFile; fileRef = 871677BD1DE208EC003772C0 /* UIImage+MultiFormat.m */; };
		871677D21DE208EC003772C0 /* UIImage+WebP.m in Sources */ = {isa = PBXBuildFile; fileRef = 871677BF1DE208EC003772C0 /* UIImage+WebP.m */; };
		871677D31DE208EC003772C0 /* UIImageView+HighlightedWebCache.m in Sources */ = {isa = PBXBuildFile; fileRef = 871677C11DE208EC003772C0 /* UIImageView+HighlightedWebCache.m */; };
		871677D41DE208EC003772C0 /* UIImageView+WebCache.m in Sources */ = {isa = PBXBuildFile; fileRef = 871677C31DE208EC003772C0 /* UIImageView+WebCache.m */; };
		871677D51DE208EC003772C0 /* UIView+WebCacheOperation.m in Sources */ = {isa = PBXBuildFile; fileRef = 871677C51DE208EC003772C0 /* UIView+WebCacheOperation.m */; };
		87320F2D1DE3589A00B19A3C /* CircleLayout.m in Sources */ = {isa = PBXBuildFile; fileRef = 87320F2C1DE3589A00B19A3C /* CircleLayout.m */; };
		87320F311DE358AD00B19A3C /* CircleCell.m in Sources */ = {isa = PBXBuildFile; fileRef = 87320F2F1DE358AD00B19A3C /* CircleCell.m */; };
		87320F321DE358AD00B19A3C /* CircleCell.xib in Resources */ = {isa = PBXBuildFile; fileRef = 87320F301DE358AD00B19A3C /* CircleCell.xib */; };
		879F597B1DDC1F94000185F8 /* main.m in Sources */ = {isa = PBXBuildFile; fileRef = 879F597A1DDC1F94000185F8 /* main.m */; };
		879F597E1DDC1F94000185F8 /* AppDelegate.m in Sources */ = {isa = PBXBuildFile; fileRef = 879F597D1DDC1F94000185F8 /* AppDelegate.m */; };
		879F59811DDC1F94000185F8 /* ViewController.m in Sources */ = {isa = PBXBuildFile; fileRef = 879F59801DDC1F94000185F8 /* ViewController.m */; };
		879F59841DDC1F94000185F8 /* Main.storyboard in Resources */ = {isa = PBXBuildFile; fileRef = 879F59821DDC1F94000185F8 /* Main.storyboard */; };
		879F59861DDC1F94000185F8 /* Assets.xcassets in Resources */ = {isa = PBXBuildFile; fileRef = 879F59851DDC1F94000185F8 /* Assets.xcassets */; };
		879F59891DDC1F94000185F8 /* LaunchScreen.storyboard in Resources */ = {isa = PBXBuildFile; fileRef = 879F59871DDC1F94000185F8 /* LaunchScreen.storyboard */; };
		879F59941DDC1F94000185F8 /* ZEROControlsTests.m in Sources */ = {isa = PBXBuildFile; fileRef = 879F59931DDC1F94000185F8 /* ZEROControlsTests.m */; };
		879F599F1DDC1F94000185F8 /* ZEROControlsUITests.m in Sources */ = {isa = PBXBuildFile; fileRef = 879F599E1DDC1F94000185F8 /* ZEROControlsUITests.m */; };
		879F59C21DDCC120000185F8 /* ZEROListViewController.m in Sources */ = {isa = PBXBuildFile; fileRef = 879F59C11DDCC120000185F8 /* ZEROListViewController.m */; };
		879F59C51DDCC14F000185F8 /* ZEROListModel.m in Sources */ = {isa = PBXBuildFile; fileRef = 879F59C41DDCC14F000185F8 /* ZEROListModel.m */; };
		879F59CA1DDCC2FB000185F8 /* CustomCell.m in Sources */ = {isa = PBXBuildFile; fileRef = 879F59C91DDCC2FB000185F8 /* CustomCell.m */; };
		879F59CE1DDCC340000185F8 /* CellDataItem.m in Sources */ = {isa = PBXBuildFile; fileRef = 879F59CD1DDCC340000185F8 /* CellDataItem.m */; };
		879F59D21DDCC598000185F8 /* ZEROListCell.m in Sources */ = {isa = PBXBuildFile; fileRef = 879F59D11DDCC598000185F8 /* ZEROListCell.m */; };
		879F59D71DDCCC9F000185F8 /* UIFont+Fonts.m in Sources */ = {isa = PBXBuildFile; fileRef = 879F59D61DDCCC9F000185F8 /* UIFont+Fonts.m */; };
		879F5A0F1DDCD1C0000185F8 /* POPAnimatableProperty.mm in Sources */ = {isa = PBXBuildFile; fileRef = 879F59DE1DDCD1C0000185F8 /* POPAnimatableProperty.mm */; };
		879F5A101DDCD1C0000185F8 /* POPAnimation.mm in Sources */ = {isa = PBXBuildFile; fileRef = 879F59E01DDCD1C0000185F8 /* POPAnimation.mm */; };
		879F5A111DDCD1C0000185F8 /* POPAnimationEvent.mm in Sources */ = {isa = PBXBuildFile; fileRef = 879F59E21DDCD1C0000185F8 /* POPAnimationEvent.mm */; };
		879F5A121DDCD1C0000185F8 /* POPAnimationExtras.mm in Sources */ = {isa = PBXBuildFile; fileRef = 879F59E51DDCD1C0000185F8 /* POPAnimationExtras.mm */; };
		879F5A131DDCD1C0000185F8 /* POPAnimationRuntime.mm in Sources */ = {isa = PBXBuildFile; fileRef = 879F59E91DDCD1C0000185F8 /* POPAnimationRuntime.mm */; };
		879F5A141DDCD1C0000185F8 /* POPAnimationTracer.mm in Sources */ = {isa = PBXBuildFile; fileRef = 879F59EB1DDCD1C0000185F8 /* POPAnimationTracer.mm */; };
		879F5A151DDCD1C0000185F8 /* POPAnimator.mm in Sources */ = {isa = PBXBuildFile; fileRef = 879F59EE1DDCD1C0000185F8 /* POPAnimator.mm */; };
		879F5A161DDCD1C0000185F8 /* POPBasicAnimation.mm in Sources */ = {isa = PBXBuildFile; fileRef = 879F59F11DDCD1C0000185F8 /* POPBasicAnimation.mm */; };
		879F5A171DDCD1C0000185F8 /* POPCGUtils.mm in Sources */ = {isa = PBXBuildFile; fileRef = 879F59F41DDCD1C0000185F8 /* POPCGUtils.mm */; };
		879F5A181DDCD1C0000185F8 /* POPCustomAnimation.mm in Sources */ = {isa = PBXBuildFile; fileRef = 879F59F61DDCD1C0000185F8 /* POPCustomAnimation.mm */; };
		879F5A191DDCD1C0000185F8 /* POPDecayAnimation.mm in Sources */ = {isa = PBXBuildFile; fileRef = 879F59F81DDCD1C0000185F8 /* POPDecayAnimation.mm */; };
		879F5A1A1DDCD1C0000185F8 /* POPGeometry.mm in Sources */ = {isa = PBXBuildFile; fileRef = 879F59FC1DDCD1C0000185F8 /* POPGeometry.mm */; };
		879F5A1B1DDCD1C0000185F8 /* POPLayerExtras.mm in Sources */ = {isa = PBXBuildFile; fileRef = 879F59FE1DDCD1C0000185F8 /* POPLayerExtras.mm */; };
		879F5A1C1DDCD1C0000185F8 /* POPMath.mm in Sources */ = {isa = PBXBuildFile; fileRef = 879F5A001DDCD1C0000185F8 /* POPMath.mm */; };
		879F5A1D1DDCD1C0000185F8 /* POPPropertyAnimation.mm in Sources */ = {isa = PBXBuildFile; fileRef = 879F5A021DDCD1C0000185F8 /* POPPropertyAnimation.mm */; };
		879F5A1E1DDCD1C0000185F8 /* POPSpringAnimation.mm in Sources */ = {isa = PBXBuildFile; fileRef = 879F5A051DDCD1C0000185F8 /* POPSpringAnimation.mm */; };
		879F5A1F1DDCD1C0000185F8 /* POPVector.mm in Sources */ = {isa = PBXBuildFile; fileRef = 879F5A091DDCD1C0000185F8 /* POPVector.mm */; };
		879F5A201DDCD1C0000185F8 /* TransformationMatrix.cpp in Sources */ = {isa = PBXBuildFile; fileRef = 879F5A0C1DDCD1C0000185F8 /* TransformationMatrix.cpp */; };
		879F5A271DDCD440000185F8 /* ZEROBezierCell.m in Sources */ = {isa = PBXBuildFile; fileRef = 879F5A231DDCD440000185F8 /* ZEROBezierCell.m */; };
		879F5A281DDCD440000185F8 /* ZEROBezierCell.xib in Resources */ = {isa = PBXBuildFile; fileRef = 879F5A241DDCD440000185F8 /* ZEROBezierCell.xib */; };
		879F5A291DDCD440000185F8 /* ZEROBezierTableView.m in Sources */ = {isa = PBXBuildFile; fileRef = 879F5A261DDCD440000185F8 /* ZEROBezierTableView.m */; };
		879F5A2D1DDCD545000185F8 /* NavPushViewController.m in Sources */ = {isa = PBXBuildFile; fileRef = 879F5A2C1DDCD545000185F8 /* NavPushViewController.m */; };
		879F5A301DDCD7BE000185F8 /* BezierTableViewController.m in Sources */ = {isa = PBXBuildFile; fileRef = 879F5A2F1DDCD7BE000185F8 /* BezierTableViewController.m */; };
		879F5A371DDCEBFE000185F8 /* NavRootViewController.m in Sources */ = {isa = PBXBuildFile; fileRef = 879F5A361DDCEBFE000185F8 /* NavRootViewController.m */; };
		87EBFACB1DDDF17700677DB9 /* AddSelectListCell.m in Sources */ = {isa = PBXBuildFile; fileRef = 87EBFAC51DDDF17700677DB9 /* AddSelectListCell.m */; };
		87EBFACC1DDDF17700677DB9 /* AddSelectListItem.m in Sources */ = {isa = PBXBuildFile; fileRef = 87EBFAC71DDDF17700677DB9 /* AddSelectListItem.m */; };
		87EBFAD11DDDF1FD00677DB9 /* AddListViewController.m in Sources */ = {isa = PBXBuildFile; fileRef = 87EBFAD01DDDF1FD00677DB9 /* AddListViewController.m */; };
		87EBFAD71DDE028500677DB9 /* PhotoChooseViewController.m in Sources */ = {isa = PBXBuildFile; fileRef = 87EBFAD61DDE028500677DB9 /* PhotoChooseViewController.m */; };
		87EBFAE01DDEA32B00677DB9 /* AddListController.m in Sources */ = {isa = PBXBuildFile; fileRef = 87EBFADF1DDEA32B00677DB9 /* AddListController.m */; };
		87EBFAE31DDEA9AE00677DB9 /* AddListView.m in Sources */ = {isa = PBXBuildFile; fileRef = 87EBFAE21DDEA9AE00677DB9 /* AddListView.m */; };
		87EBFAE71DDEC1E600677DB9 /* UIView+Ext.m in Sources */ = {isa = PBXBuildFile; fileRef = 87EBFAE61DDEC1E600677DB9 /* UIView+Ext.m */; };
/* End PBXBuildFile section */

/* Begin PBXContainerItemProxy section */
		879F59901DDC1F94000185F8 /* PBXContainerItemProxy */ = {
			isa = PBXContainerItemProxy;
			containerPortal = 879F596E1DDC1F94000185F8 /* Project object */;
			proxyType = 1;
			remoteGlobalIDString = 879F59751DDC1F94000185F8;
			remoteInfo = ZEROControls;
		};
		879F599B1DDC1F94000185F8 /* PBXContainerItemProxy */ = {
			isa = PBXContainerItemProxy;
			containerPortal = 879F596E1DDC1F94000185F8 /* Project object */;
			proxyType = 1;
			remoteGlobalIDString = 879F59751DDC1F94000185F8;
			remoteInfo = ZEROControls;
		};
/* End PBXContainerItemProxy section */

/* Begin PBXFileReference section */
		871676361DE067A7003772C0 /* HWaterFallViewController.h */ = {isa = PBXFileReference; fileEncoding = 4; lastKnownFileType = sourcecode.c.h; path = HWaterFallViewController.h; sourceTree = "<group>"; };
		871676371DE067A7003772C0 /* HWaterFallViewController.m */ = {isa = PBXFileReference; fileEncoding = 4; lastKnownFileType = sourcecode.c.objc; path = HWaterFallViewController.m; sourceTree = "<group>"; };
		871676391DE067B5003772C0 /* WWaterFallViewController.h */ = {isa = PBXFileReference; fileEncoding = 4; lastKnownFileType = sourcecode.c.h; path = WWaterFallViewController.h; sourceTree = "<group>"; };
		8716763A1DE067B5003772C0 /* WWaterFallViewController.m */ = {isa = PBXFileReference; fileEncoding = 4; lastKnownFileType = sourcecode.c.objc; path = WWaterFallViewController.m; sourceTree = "<group>"; };
		871677471DE0C852003772C0 /* AFHTTPSessionManager.h */ = {isa = PBXFileReference; fileEncoding = 4; lastKnownFileType = sourcecode.c.h; path = AFHTTPSessionManager.h; sourceTree = "<group>"; };
		871677481DE0C852003772C0 /* AFHTTPSessionManager.m */ = {isa = PBXFileReference; fileEncoding = 4; lastKnownFileType = sourcecode.c.objc; path = AFHTTPSessionManager.m; sourceTree = "<group>"; };
		871677491DE0C852003772C0 /* AFNetworking.h */ = {isa = PBXFileReference; fileEncoding = 4; lastKnownFileType = sourcecode.c.h; path = AFNetworking.h; sourceTree = "<group>"; };
		8716774A1DE0C852003772C0 /* AFNetworkReachabilityManager.h */ = {isa = PBXFileReference; fileEncoding = 4; lastKnownFileType = sourcecode.c.h; path = AFNetworkReachabilityManager.h; sourceTree = "<group>"; };
		8716774B1DE0C852003772C0 /* AFNetworkReachabilityManager.m */ = {isa = PBXFileReference; fileEncoding = 4; lastKnownFileType = sourcecode.c.objc; path = AFNetworkReachabilityManager.m; sourceTree = "<group>"; };
		8716774C1DE0C852003772C0 /* AFSecurityPolicy.h */ = {isa = PBXFileReference; fileEncoding = 4; lastKnownFileType = sourcecode.c.h; path = AFSecurityPolicy.h; sourceTree = "<group>"; };
		8716774D1DE0C852003772C0 /* AFSecurityPolicy.m */ = {isa = PBXFileReference; fileEncoding = 4; lastKnownFileType = sourcecode.c.objc; path = AFSecurityPolicy.m; sourceTree = "<group>"; };
		8716774E1DE0C852003772C0 /* AFURLRequestSerialization.h */ = {isa = PBXFileReference; fileEncoding = 4; lastKnownFileType = sourcecode.c.h; path = AFURLRequestSerialization.h; sourceTree = "<group>"; };
		8716774F1DE0C852003772C0 /* AFURLRequestSerialization.m */ = {isa = PBXFileReference; fileEncoding = 4; lastKnownFileType = sourcecode.c.objc; path = AFURLRequestSerialization.m; sourceTree = "<group>"; };
		871677501DE0C852003772C0 /* AFURLResponseSerialization.h */ = {isa = PBXFileReference; fileEncoding = 4; lastKnownFileType = sourcecode.c.h; path = AFURLResponseSerialization.h; sourceTree = "<group>"; };
		871677511DE0C852003772C0 /* AFURLResponseSerialization.m */ = {isa = PBXFileReference; fileEncoding = 4; lastKnownFileType = sourcecode.c.objc; path = AFURLResponseSerialization.m; sourceTree = "<group>"; };
		871677521DE0C852003772C0 /* AFURLSessionManager.h */ = {isa = PBXFileReference; fileEncoding = 4; lastKnownFileType = sourcecode.c.h; path = AFURLSessionManager.h; sourceTree = "<group>"; };
		871677531DE0C852003772C0 /* AFURLSessionManager.m */ = {isa = PBXFileReference; fileEncoding = 4; lastKnownFileType = sourcecode.c.objc; path = AFURLSessionManager.m; sourceTree = "<group>"; };
		871677551DE0C852003772C0 /* ApiPostData.h */ = {isa = PBXFileReference; fileEncoding = 4; lastKnownFileType = sourcecode.c.h; path = ApiPostData.h; sourceTree = "<group>"; };
		871677561DE0C852003772C0 /* ApiPostData.m */ = {isa = PBXFileReference; fileEncoding = 4; lastKnownFileType = sourcecode.c.objc; path = ApiPostData.m; sourceTree = "<group>"; };
		871677571DE0C852003772C0 /* ApiTool.h */ = {isa = PBXFileReference; fileEncoding = 4; lastKnownFileType = sourcecode.c.h; path = ApiTool.h; sourceTree = "<group>"; };
		871677581DE0C852003772C0 /* ApiTool.m */ = {isa = PBXFileReference; fileEncoding = 4; lastKnownFileType = sourcecode.c.objc; path = ApiTool.m; sourceTree = "<group>"; };
		8716775A1DE0C852003772C0 /* AFAutoPurgingImageCache.h */ = {isa = PBXFileReference; fileEncoding = 4; lastKnownFileType = sourcecode.c.h; path = AFAutoPurgingImageCache.h; sourceTree = "<group>"; };
		8716775B1DE0C852003772C0 /* AFAutoPurgingImageCache.m */ = {isa = PBXFileReference; fileEncoding = 4; lastKnownFileType = sourcecode.c.objc; path = AFAutoPurgingImageCache.m; sourceTree = "<group>"; };
		8716775C1DE0C852003772C0 /* AFImageDownloader.h */ = {isa = PBXFileReference; fileEncoding = 4; lastKnownFileType = sourcecode.c.h; path = AFImageDownloader.h; sourceTree = "<group>"; };
		8716775D1DE0C852003772C0 /* AFImageDownloader.m */ = {isa = PBXFileReference; fileEncoding = 4; lastKnownFileType = sourcecode.c.objc; path = AFImageDownloader.m; sourceTree = "<group>"; };
		8716775E1DE0C852003772C0 /* AFNetworkActivityIndicatorManager.h */ = {isa = PBXFileReference; fileEncoding = 4; lastKnownFileType = sourcecode.c.h; path = AFNetworkActivityIndicatorManager.h; sourceTree = "<group>"; };
		8716775F1DE0C852003772C0 /* AFNetworkActivityIndicatorManager.m */ = {isa = PBXFileReference; fileEncoding = 4; lastKnownFileType = sourcecode.c.objc; path = AFNetworkActivityIndicatorManager.m; sourceTree = "<group>"; };
		871677601DE0C852003772C0 /* UIActivityIndicatorView+AFNetworking.h */ = {isa = PBXFileReference; fileEncoding = 4; lastKnownFileType = sourcecode.c.h; path = "UIActivityIndicatorView+AFNetworking.h"; sourceTree = "<group>"; };
		871677611DE0C852003772C0 /* UIActivityIndicatorView+AFNetworking.m */ = {isa = PBXFileReference; fileEncoding = 4; lastKnownFileType = sourcecode.c.objc; path = "UIActivityIndicatorView+AFNetworking.m"; sourceTree = "<group>"; };
		871677621DE0C852003772C0 /* UIButton+AFNetworking.h */ = {isa = PBXFileReference; fileEncoding = 4; lastKnownFileType = sourcecode.c.h; path = "UIButton+AFNetworking.h"; sourceTree = "<group>"; };
		871677631DE0C852003772C0 /* UIButton+AFNetworking.m */ = {isa = PBXFileReference; fileEncoding = 4; lastKnownFileType = sourcecode.c.objc; path = "UIButton+AFNetworking.m"; sourceTree = "<group>"; };
		871677641DE0C852003772C0 /* UIImage+AFNetworking.h */ = {isa = PBXFileReference; fileEncoding = 4; lastKnownFileType = sourcecode.c.h; path = "UIImage+AFNetworking.h"; sourceTree = "<group>"; };
		871677651DE0C852003772C0 /* UIImageView+AFNetworking.h */ = {isa = PBXFileReference; fileEncoding = 4; lastKnownFileType = sourcecode.c.h; path = "UIImageView+AFNetworking.h"; sourceTree = "<group>"; };
		871677661DE0C852003772C0 /* UIImageView+AFNetworking.m */ = {isa = PBXFileReference; fileEncoding = 4; lastKnownFileType = sourcecode.c.objc; path = "UIImageView+AFNetworking.m"; sourceTree = "<group>"; };
		871677671DE0C852003772C0 /* UIKit+AFNetworking.h */ = {isa = PBXFileReference; fileEncoding = 4; lastKnownFileType = sourcecode.c.h; path = "UIKit+AFNetworking.h"; sourceTree = "<group>"; };
		871677681DE0C852003772C0 /* UIProgressView+AFNetworking.h */ = {isa = PBXFileReference; fileEncoding = 4; lastKnownFileType = sourcecode.c.h; path = "UIProgressView+AFNetworking.h"; sourceTree = "<group>"; };
		871677691DE0C852003772C0 /* UIProgressView+AFNetworking.m */ = {isa = PBXFileReference; fileEncoding = 4; lastKnownFileType = sourcecode.c.objc; path = "UIProgressView+AFNetworking.m"; sourceTree = "<group>"; };
		8716776A1DE0C852003772C0 /* UIRefreshControl+AFNetworking.h */ = {isa = PBXFileReference; fileEncoding = 4; lastKnownFileType = sourcecode.c.h; path = "UIRefreshControl+AFNetworking.h"; sourceTree = "<group>"; };
		8716776B1DE0C852003772C0 /* UIRefreshControl+AFNetworking.m */ = {isa = PBXFileReference; fileEncoding = 4; lastKnownFileType = sourcecode.c.objc; path = "UIRefreshControl+AFNetworking.m"; sourceTree = "<group>"; };
		8716776C1DE0C852003772C0 /* UIWebView+AFNetworking.h */ = {isa = PBXFileReference; fileEncoding = 4; lastKnownFileType = sourcecode.c.h; path = "UIWebView+AFNetworking.h"; sourceTree = "<group>"; };
		8716776D1DE0C852003772C0 /* UIWebView+AFNetworking.m */ = {isa = PBXFileReference; fileEncoding = 4; lastKnownFileType = sourcecode.c.objc; path = "UIWebView+AFNetworking.m"; sourceTree = "<group>"; };
		8716777F1DE0C87D003772C0 /* WWaterFallCell.h */ = {isa = PBXFileReference; fileEncoding = 4; lastKnownFileType = sourcecode.c.h; path = WWaterFallCell.h; sourceTree = "<group>"; };
		871677801DE0C87D003772C0 /* WWaterFallCell.m */ = {isa = PBXFileReference; fileEncoding = 4; lastKnownFileType = sourcecode.c.objc; path = WWaterFallCell.m; sourceTree = "<group>"; };
		871677811DE0C87D003772C0 /* WWaterFallLayout.h */ = {isa = PBXFileReference; fileEncoding = 4; lastKnownFileType = sourcecode.c.h; path = WWaterFallLayout.h; sourceTree = "<group>"; };
		871677821DE0C87D003772C0 /* WWaterFallLayout.m */ = {isa = PBXFileReference; fileEncoding = 4; lastKnownFileType = sourcecode.c.objc; path = WWaterFallLayout.m; sourceTree = "<group>"; };
		871677831DE0C87D003772C0 /* WWaterFallManager.h */ = {isa = PBXFileReference; fileEncoding = 4; lastKnownFileType = sourcecode.c.h; path = WWaterFallManager.h; sourceTree = "<group>"; };
		871677841DE0C87D003772C0 /* WWaterFallManager.m */ = {isa = PBXFileReference; fileEncoding = 4; lastKnownFileType = sourcecode.c.objc; path = WWaterFallManager.m; sourceTree = "<group>"; };
		871677891DE0C8A5003772C0 /* CmtsModel.h */ = {isa = PBXFileReference; fileEncoding = 4; lastKnownFileType = sourcecode.c.h; path = CmtsModel.h; sourceTree = "<group>"; };
		8716778A1DE0C8A5003772C0 /* CmtsModel.m */ = {isa = PBXFileReference; fileEncoding = 4; lastKnownFileType = sourcecode.c.objc; path = CmtsModel.m; sourceTree = "<group>"; };
		8716778B1DE0C8A5003772C0 /* PictureData.h */ = {isa = PBXFileReference; fileEncoding = 4; lastKnownFileType = sourcecode.c.h; path = PictureData.h; sourceTree = "<group>"; };
		8716778C1DE0C8A5003772C0 /* PictureData.m */ = {isa = PBXFileReference; fileEncoding = 4; lastKnownFileType = sourcecode.c.objc; path = PictureData.m; sourceTree = "<group>"; };
		8716778D1DE0C8A5003772C0 /* ResponseData.h */ = {isa = PBXFileReference; fileEncoding = 4; lastKnownFileType = sourcecode.c.h; path = ResponseData.h; sourceTree = "<group>"; };
		8716778E1DE0C8A5003772C0 /* ResponseData.m */ = {isa = PBXFileReference; fileEncoding = 4; lastKnownFileType = sourcecode.c.objc; path = ResponseData.m; sourceTree = "<group>"; };
		8716778F1DE0C8A5003772C0 /* WaterfallPictureModel.h */ = {isa = PBXFileReference; fileEncoding = 4; lastKnownFileType = sourcecode.c.h; path = WaterfallPictureModel.h; sourceTree = "<group>"; };
		871677901DE0C8A5003772C0 /* WaterfallPictureModel.m */ = {isa = PBXFileReference; fileEncoding = 4; lastKnownFileType = sourcecode.c.objc; path = WaterfallPictureModel.m; sourceTree = "<group>"; };
		871677951DE0C90D003772C0 /* CircleCollectionViewController.h */ = {isa = PBXFileReference; fileEncoding = 4; lastKnownFileType = sourcecode.c.h; path = CircleCollectionViewController.h; sourceTree = "<group>"; };
		871677961DE0C90D003772C0 /* CircleCollectionViewController.m */ = {isa = PBXFileReference; fileEncoding = 4; lastKnownFileType = sourcecode.c.objc; path = CircleCollectionViewController.m; sourceTree = "<group>"; };
		871677991DE0CBD4003772C0 /* FileManager.h */ = {isa = PBXFileReference; fileEncoding = 4; lastKnownFileType = sourcecode.c.h; path = FileManager.h; sourceTree = "<group>"; };
		8716779A1DE0CBD4003772C0 /* FileManager.m */ = {isa = PBXFileReference; fileEncoding = 4; lastKnownFileType = sourcecode.c.objc; path = FileManager.m; sourceTree = "<group>"; };
		8716779C1DE1EE83003772C0 /* HWaterFallCell.h */ = {isa = PBXFileReference; fileEncoding = 4; lastKnownFileType = sourcecode.c.h; path = HWaterFallCell.h; sourceTree = "<group>"; };
		8716779D1DE1EE83003772C0 /* HWaterFallCell.m */ = {isa = PBXFileReference; fileEncoding = 4; lastKnownFileType = sourcecode.c.objc; path = HWaterFallCell.m; sourceTree = "<group>"; };
		8716779F1DE1EE95003772C0 /* HWaterFallManager.h */ = {isa = PBXFileReference; fileEncoding = 4; lastKnownFileType = sourcecode.c.h; path = HWaterFallManager.h; sourceTree = "<group>"; };
		871677A01DE1EE95003772C0 /* HWaterFallManager.m */ = {isa = PBXFileReference; fileEncoding = 4; lastKnownFileType = sourcecode.c.objc; path = HWaterFallManager.m; sourceTree = "<group>"; };
		871677A21DE1EEAA003772C0 /* HWaterFallLayout.h */ = {isa = PBXFileReference; fileEncoding = 4; lastKnownFileType = sourcecode.c.h; path = HWaterFallLayout.h; sourceTree = "<group>"; };
		871677A31DE1EEAA003772C0 /* HWaterFallLayout.m */ = {isa = PBXFileReference; fileEncoding = 4; lastKnownFileType = sourcecode.c.objc; path = HWaterFallLayout.m; sourceTree = "<group>"; };
		871677A51DE208EC003772C0 /* MKAnnotationView+WebCache.h */ = {isa = PBXFileReference; fileEncoding = 4; lastKnownFileType = sourcecode.c.h; path = "MKAnnotationView+WebCache.h"; sourceTree = "<group>"; };
		871677A61DE208EC003772C0 /* MKAnnotationView+WebCache.m */ = {isa = PBXFileReference; fileEncoding = 4; lastKnownFileType = sourcecode.c.objc; path = "MKAnnotationView+WebCache.m"; sourceTree = "<group>"; };
		871677A71DE208EC003772C0 /* NSData+ImageContentType.h */ = {isa = PBXFileReference; fileEncoding = 4; lastKnownFileType = sourcecode.c.h; path = "NSData+ImageContentType.h"; sourceTree = "<group>"; };
		871677A81DE208EC003772C0 /* NSData+ImageContentType.m */ = {isa = PBXFileReference; fileEncoding = 4; lastKnownFileType = sourcecode.c.objc; path = "NSData+ImageContentType.m"; sourceTree = "<group>"; };
		871677A91DE208EC003772C0 /* SDImageCache.h */ = {isa = PBXFileReference; fileEncoding = 4; lastKnownFileType = sourcecode.c.h; path = SDImageCache.h; sourceTree = "<group>"; };
		871677AA1DE208EC003772C0 /* SDImageCache.m */ = {isa = PBXFileReference; fileEncoding = 4; lastKnownFileType = sourcecode.c.objc; path = SDImageCache.m; sourceTree = "<group>"; };
		871677AB1DE208EC003772C0 /* SDWebImageCompat.h */ = {isa = PBXFileReference; fileEncoding = 4; lastKnownFileType = sourcecode.c.h; path = SDWebImageCompat.h; sourceTree = "<group>"; };
		871677AC1DE208EC003772C0 /* SDWebImageCompat.m */ = {isa = PBXFileReference; fileEncoding = 4; lastKnownFileType = sourcecode.c.objc; path = SDWebImageCompat.m; sourceTree = "<group>"; };
		871677AD1DE208EC003772C0 /* SDWebImageDecoder.h */ = {isa = PBXFileReference; fileEncoding = 4; lastKnownFileType = sourcecode.c.h; path = SDWebImageDecoder.h; sourceTree = "<group>"; };
		871677AE1DE208EC003772C0 /* SDWebImageDecoder.m */ = {isa = PBXFileReference; fileEncoding = 4; lastKnownFileType = sourcecode.c.objc; path = SDWebImageDecoder.m; sourceTree = "<group>"; };
		871677AF1DE208EC003772C0 /* SDWebImageDownloader.h */ = {isa = PBXFileReference; fileEncoding = 4; lastKnownFileType = sourcecode.c.h; path = SDWebImageDownloader.h; sourceTree = "<group>"; };
		871677B01DE208EC003772C0 /* SDWebImageDownloader.m */ = {isa = PBXFileReference; fileEncoding = 4; lastKnownFileType = sourcecode.c.objc; path = SDWebImageDownloader.m; sourceTree = "<group>"; };
		871677B11DE208EC003772C0 /* SDWebImageDownloaderOperation.h */ = {isa = PBXFileReference; fileEncoding = 4; lastKnownFileType = sourcecode.c.h; path = SDWebImageDownloaderOperation.h; sourceTree = "<group>"; };
		871677B21DE208EC003772C0 /* SDWebImageDownloaderOperation.m */ = {isa = PBXFileReference; fileEncoding = 4; lastKnownFileType = sourcecode.c.objc; path = SDWebImageDownloaderOperation.m; sourceTree = "<group>"; };
		871677B31DE208EC003772C0 /* SDWebImageManager.h */ = {isa = PBXFileReference; fileEncoding = 4; lastKnownFileType = sourcecode.c.h; path = SDWebImageManager.h; sourceTree = "<group>"; };
		871677B41DE208EC003772C0 /* SDWebImageManager.m */ = {isa = PBXFileReference; fileEncoding = 4; lastKnownFileType = sourcecode.c.objc; path = SDWebImageManager.m; sourceTree = "<group>"; };
		871677B51DE208EC003772C0 /* SDWebImageOperation.h */ = {isa = PBXFileReference; fileEncoding = 4; lastKnownFileType = sourcecode.c.h; path = SDWebImageOperation.h; sourceTree = "<group>"; };
		871677B61DE208EC003772C0 /* SDWebImagePrefetcher.h */ = {isa = PBXFileReference; fileEncoding = 4; lastKnownFileType = sourcecode.c.h; path = SDWebImagePrefetcher.h; sourceTree = "<group>"; };
		871677B71DE208EC003772C0 /* SDWebImagePrefetcher.m */ = {isa = PBXFileReference; fileEncoding = 4; lastKnownFileType = sourcecode.c.objc; path = SDWebImagePrefetcher.m; sourceTree = "<group>"; };
		871677B81DE208EC003772C0 /* UIButton+WebCache.h */ = {isa = PBXFileReference; fileEncoding = 4; lastKnownFileType = sourcecode.c.h; path = "UIButton+WebCache.h"; sourceTree = "<group>"; };
		871677B91DE208EC003772C0 /* UIButton+WebCache.m */ = {isa = PBXFileReference; fileEncoding = 4; lastKnownFileType = sourcecode.c.objc; path = "UIButton+WebCache.m"; sourceTree = "<group>"; };
		871677BA1DE208EC003772C0 /* UIImage+GIF.h */ = {isa = PBXFileReference; fileEncoding = 4; lastKnownFileType = sourcecode.c.h; path = "UIImage+GIF.h"; sourceTree = "<group>"; };
		871677BB1DE208EC003772C0 /* UIImage+GIF.m */ = {isa = PBXFileReference; fileEncoding = 4; lastKnownFileType = sourcecode.c.objc; path = "UIImage+GIF.m"; sourceTree = "<group>"; };
		871677BC1DE208EC003772C0 /* UIImage+MultiFormat.h */ = {isa = PBXFileReference; fileEncoding = 4; lastKnownFileType = sourcecode.c.h; path = "UIImage+MultiFormat.h"; sourceTree = "<group>"; };
		871677BD1DE208EC003772C0 /* UIImage+MultiFormat.m */ = {isa = PBXFileReference; fileEncoding = 4; lastKnownFileType = sourcecode.c.objc; path = "UIImage+MultiFormat.m"; sourceTree = "<group>"; };
		871677BE1DE208EC003772C0 /* UIImage+WebP.h */ = {isa = PBXFileReference; fileEncoding = 4; lastKnownFileType = sourcecode.c.h; path = "UIImage+WebP.h"; sourceTree = "<group>"; };
		871677BF1DE208EC003772C0 /* UIImage+WebP.m */ = {isa = PBXFileReference; fileEncoding = 4; lastKnownFileType = sourcecode.c.objc; path = "UIImage+WebP.m"; sourceTree = "<group>"; };
		871677C01DE208EC003772C0 /* UIImageView+HighlightedWebCache.h */ = {isa = PBXFileReference; fileEncoding = 4; lastKnownFileType = sourcecode.c.h; path = "UIImageView+HighlightedWebCache.h"; sourceTree = "<group>"; };
		871677C11DE208EC003772C0 /* UIImageView+HighlightedWebCache.m */ = {isa = PBXFileReference; fileEncoding = 4; lastKnownFileType = sourcecode.c.objc; path = "UIImageView+HighlightedWebCache.m"; sourceTree = "<group>"; };
		871677C21DE208EC003772C0 /* UIImageView+WebCache.h */ = {isa = PBXFileReference; fileEncoding = 4; lastKnownFileType = sourcecode.c.h; path = "UIImageView+WebCache.h"; sourceTree = "<group>"; };
		871677C31DE208EC003772C0 /* UIImageView+WebCache.m */ = {isa = PBXFileReference; fileEncoding = 4; lastKnownFileType = sourcecode.c.objc; path = "UIImageView+WebCache.m"; sourceTree = "<group>"; };
		871677C41DE208EC003772C0 /* UIView+WebCacheOperation.h */ = {isa = PBXFileReference; fileEncoding = 4; lastKnownFileType = sourcecode.c.h; path = "UIView+WebCacheOperation.h"; sourceTree = "<group>"; };
		871677C51DE208EC003772C0 /* UIView+WebCacheOperation.m */ = {isa = PBXFileReference; fileEncoding = 4; lastKnownFileType = sourcecode.c.objc; path = "UIView+WebCacheOperation.m"; sourceTree = "<group>"; };
		87320F2B1DE3589A00B19A3C /* CircleLayout.h */ = {isa = PBXFileReference; fileEncoding = 4; lastKnownFileType = sourcecode.c.h; path = CircleLayout.h; sourceTree = "<group>"; };
		87320F2C1DE3589A00B19A3C /* CircleLayout.m */ = {isa = PBXFileReference; fileEncoding = 4; lastKnownFileType = sourcecode.c.objc; path = CircleLayout.m; sourceTree = "<group>"; };
		87320F2E1DE358AD00B19A3C /* CircleCell.h */ = {isa = PBXFileReference; fileEncoding = 4; lastKnownFileType = sourcecode.c.h; path = CircleCell.h; sourceTree = "<group>"; };
		87320F2F1DE358AD00B19A3C /* CircleCell.m */ = {isa = PBXFileReference; fileEncoding = 4; lastKnownFileType = sourcecode.c.objc; path = CircleCell.m; sourceTree = "<group>"; };
		87320F301DE358AD00B19A3C /* CircleCell.xib */ = {isa = PBXFileReference; fileEncoding = 4; lastKnownFileType = file.xib; path = CircleCell.xib; sourceTree = "<group>"; };
		87320F331DE35EBD00B19A3C /* study.h */ = {isa = PBXFileReference; lastKnownFileType = sourcecode.c.h; path = study.h; sourceTree = "<group>"; };
		879F59761DDC1F94000185F8 /* ZEROControls.app */ = {isa = PBXFileReference; explicitFileType = wrapper.application; includeInIndex = 0; path = ZEROControls.app; sourceTree = BUILT_PRODUCTS_DIR; };
		879F597A1DDC1F94000185F8 /* main.m */ = {isa = PBXFileReference; lastKnownFileType = sourcecode.c.objc; path = main.m; sourceTree = "<group>"; };
		879F597C1DDC1F94000185F8 /* AppDelegate.h */ = {isa = PBXFileReference; lastKnownFileType = sourcecode.c.h; path = AppDelegate.h; sourceTree = "<group>"; };
		879F597D1DDC1F94000185F8 /* AppDelegate.m */ = {isa = PBXFileReference; lastKnownFileType = sourcecode.c.objc; path = AppDelegate.m; sourceTree = "<group>"; };
		879F597F1DDC1F94000185F8 /* ViewController.h */ = {isa = PBXFileReference; lastKnownFileType = sourcecode.c.h; path = ViewController.h; sourceTree = "<group>"; };
		879F59801DDC1F94000185F8 /* ViewController.m */ = {isa = PBXFileReference; lastKnownFileType = sourcecode.c.objc; path = ViewController.m; sourceTree = "<group>"; };
		879F59831DDC1F94000185F8 /* Base */ = {isa = PBXFileReference; lastKnownFileType = file.storyboard; name = Base; path = Base.lproj/Main.storyboard; sourceTree = "<group>"; };
		879F59851DDC1F94000185F8 /* Assets.xcassets */ = {isa = PBXFileReference; lastKnownFileType = folder.assetcatalog; path = Assets.xcassets; sourceTree = "<group>"; };
		879F59881DDC1F94000185F8 /* Base */ = {isa = PBXFileReference; lastKnownFileType = file.storyboard; name = Base; path = Base.lproj/LaunchScreen.storyboard; sourceTree = "<group>"; };
		879F598A1DDC1F94000185F8 /* Info.plist */ = {isa = PBXFileReference; lastKnownFileType = text.plist.xml; path = Info.plist; sourceTree = "<group>"; };
		879F598F1DDC1F94000185F8 /* ZEROControlsTests.xctest */ = {isa = PBXFileReference; explicitFileType = wrapper.cfbundle; includeInIndex = 0; path = ZEROControlsTests.xctest; sourceTree = BUILT_PRODUCTS_DIR; };
		879F59931DDC1F94000185F8 /* ZEROControlsTests.m */ = {isa = PBXFileReference; lastKnownFileType = sourcecode.c.objc; path = ZEROControlsTests.m; sourceTree = "<group>"; };
		879F59951DDC1F94000185F8 /* Info.plist */ = {isa = PBXFileReference; lastKnownFileType = text.plist.xml; path = Info.plist; sourceTree = "<group>"; };
		879F599A1DDC1F94000185F8 /* ZEROControlsUITests.xctest */ = {isa = PBXFileReference; explicitFileType = wrapper.cfbundle; includeInIndex = 0; path = ZEROControlsUITests.xctest; sourceTree = BUILT_PRODUCTS_DIR; };
		879F599E1DDC1F94000185F8 /* ZEROControlsUITests.m */ = {isa = PBXFileReference; lastKnownFileType = sourcecode.c.objc; path = ZEROControlsUITests.m; sourceTree = "<group>"; };
		879F59A01DDC1F94000185F8 /* Info.plist */ = {isa = PBXFileReference; lastKnownFileType = text.plist.xml; path = Info.plist; sourceTree = "<group>"; };
		879F59C01DDCC120000185F8 /* ZEROListViewController.h */ = {isa = PBXFileReference; fileEncoding = 4; lastKnownFileType = sourcecode.c.h; path = ZEROListViewController.h; sourceTree = "<group>"; };
		879F59C11DDCC120000185F8 /* ZEROListViewController.m */ = {isa = PBXFileReference; fileEncoding = 4; lastKnownFileType = sourcecode.c.objc; path = ZEROListViewController.m; sourceTree = "<group>"; };
		879F59C31DDCC14F000185F8 /* ZEROListModel.h */ = {isa = PBXFileReference; fileEncoding = 4; lastKnownFileType = sourcecode.c.h; path = ZEROListModel.h; sourceTree = "<group>"; };
		879F59C41DDCC14F000185F8 /* ZEROListModel.m */ = {isa = PBXFileReference; fileEncoding = 4; lastKnownFileType = sourcecode.c.objc; path = ZEROListModel.m; sourceTree = "<group>"; };
		879F59C81DDCC2FB000185F8 /* CustomCell.h */ = {isa = PBXFileReference; fileEncoding = 4; lastKnownFileType = sourcecode.c.h; path = CustomCell.h; sourceTree = "<group>"; };
		879F59C91DDCC2FB000185F8 /* CustomCell.m */ = {isa = PBXFileReference; fileEncoding = 4; lastKnownFileType = sourcecode.c.objc; path = CustomCell.m; sourceTree = "<group>"; };
		879F59CC1DDCC340000185F8 /* CellDataItem.h */ = {isa = PBXFileReference; fileEncoding = 4; lastKnownFileType = sourcecode.c.h; path = CellDataItem.h; sourceTree = "<group>"; };
		879F59CD1DDCC340000185F8 /* CellDataItem.m */ = {isa = PBXFileReference; fileEncoding = 4; lastKnownFileType = sourcecode.c.objc; path = CellDataItem.m; sourceTree = "<group>"; };
		879F59CF1DDCC43F000185F8 /* ZEROControls.pch */ = {isa = PBXFileReference; lastKnownFileType = sourcecode.c.h; path = ZEROControls.pch; sourceTree = "<group>"; };
		879F59D01DDCC598000185F8 /* ZEROListCell.h */ = {isa = PBXFileReference; fileEncoding = 4; lastKnownFileType = sourcecode.c.h; path = ZEROListCell.h; sourceTree = "<group>"; };
		879F59D11DDCC598000185F8 /* ZEROListCell.m */ = {isa = PBXFileReference; fileEncoding = 4; lastKnownFileType = sourcecode.c.objc; path = ZEROListCell.m; sourceTree = "<group>"; };
		879F59D51DDCCC9F000185F8 /* UIFont+Fonts.h */ = {isa = PBXFileReference; fileEncoding = 4; lastKnownFileType = sourcecode.c.h; path = "UIFont+Fonts.h"; sourceTree = "<group>"; };
		879F59D61DDCCC9F000185F8 /* UIFont+Fonts.m */ = {isa = PBXFileReference; fileEncoding = 4; lastKnownFileType = sourcecode.c.objc; path = "UIFont+Fonts.m"; sourceTree = "<group>"; };
		879F59D81DDCCD7B000185F8 /* Define.h */ = {isa = PBXFileReference; lastKnownFileType = sourcecode.c.h; path = Define.h; sourceTree = "<group>"; };
		879F59DB1DDCD1C0000185F8 /* POP.h */ = {isa = PBXFileReference; fileEncoding = 4; lastKnownFileType = sourcecode.c.h; path = POP.h; sourceTree = "<group>"; };
		879F59DC1DDCD1C0000185F8 /* POPAction.h */ = {isa = PBXFileReference; fileEncoding = 4; lastKnownFileType = sourcecode.c.h; path = POPAction.h; sourceTree = "<group>"; };
		879F59DD1DDCD1C0000185F8 /* POPAnimatableProperty.h */ = {isa = PBXFileReference; fileEncoding = 4; lastKnownFileType = sourcecode.c.h; path = POPAnimatableProperty.h; sourceTree = "<group>"; };
		879F59DE1DDCD1C0000185F8 /* POPAnimatableProperty.mm */ = {isa = PBXFileReference; fileEncoding = 4; lastKnownFileType = sourcecode.cpp.objcpp; path = POPAnimatableProperty.mm; sourceTree = "<group>"; };
		879F59DF1DDCD1C0000185F8 /* POPAnimation.h */ = {isa = PBXFileReference; fileEncoding = 4; lastKnownFileType = sourcecode.c.h; path = POPAnimation.h; sourceTree = "<group>"; };
		879F59E01DDCD1C0000185F8 /* POPAnimation.mm */ = {isa = PBXFileReference; fileEncoding = 4; lastKnownFileType = sourcecode.cpp.objcpp; path = POPAnimation.mm; sourceTree = "<group>"; };
		879F59E11DDCD1C0000185F8 /* POPAnimationEvent.h */ = {isa = PBXFileReference; fileEncoding = 4; lastKnownFileType = sourcecode.c.h; path = POPAnimationEvent.h; sourceTree = "<group>"; };
		879F59E21DDCD1C0000185F8 /* POPAnimationEvent.mm */ = {isa = PBXFileReference; fileEncoding = 4; lastKnownFileType = sourcecode.cpp.objcpp; path = POPAnimationEvent.mm; sourceTree = "<group>"; };
		879F59E31DDCD1C0000185F8 /* POPAnimationEventInternal.h */ = {isa = PBXFileReference; fileEncoding = 4; lastKnownFileType = sourcecode.c.h; path = POPAnimationEventInternal.h; sourceTree = "<group>"; };
		879F59E41DDCD1C0000185F8 /* POPAnimationExtras.h */ = {isa = PBXFileReference; fileEncoding = 4; lastKnownFileType = sourcecode.c.h; path = POPAnimationExtras.h; sourceTree = "<group>"; };
		879F59E51DDCD1C0000185F8 /* POPAnimationExtras.mm */ = {isa = PBXFileReference; fileEncoding = 4; lastKnownFileType = sourcecode.cpp.objcpp; path = POPAnimationExtras.mm; sourceTree = "<group>"; };
		879F59E61DDCD1C0000185F8 /* POPAnimationInternal.h */ = {isa = PBXFileReference; fileEncoding = 4; lastKnownFileType = sourcecode.c.h; path = POPAnimationInternal.h; sourceTree = "<group>"; };
		879F59E71DDCD1C0000185F8 /* POPAnimationPrivate.h */ = {isa = PBXFileReference; fileEncoding = 4; lastKnownFileType = sourcecode.c.h; path = POPAnimationPrivate.h; sourceTree = "<group>"; };
		879F59E81DDCD1C0000185F8 /* POPAnimationRuntime.h */ = {isa = PBXFileReference; fileEncoding = 4; lastKnownFileType = sourcecode.c.h; path = POPAnimationRuntime.h; sourceTree = "<group>"; };
		879F59E91DDCD1C0000185F8 /* POPAnimationRuntime.mm */ = {isa = PBXFileReference; fileEncoding = 4; lastKnownFileType = sourcecode.cpp.objcpp; path = POPAnimationRuntime.mm; sourceTree = "<group>"; };
		879F59EA1DDCD1C0000185F8 /* POPAnimationTracer.h */ = {isa = PBXFileReference; fileEncoding = 4; lastKnownFileType = sourcecode.c.h; path = POPAnimationTracer.h; sourceTree = "<group>"; };
		879F59EB1DDCD1C0000185F8 /* POPAnimationTracer.mm */ = {isa = PBXFileReference; fileEncoding = 4; lastKnownFileType = sourcecode.cpp.objcpp; path = POPAnimationTracer.mm; sourceTree = "<group>"; };
		879F59EC1DDCD1C0000185F8 /* POPAnimationTracerInternal.h */ = {isa = PBXFileReference; fileEncoding = 4; lastKnownFileType = sourcecode.c.h; path = POPAnimationTracerInternal.h; sourceTree = "<group>"; };
		879F59ED1DDCD1C0000185F8 /* POPAnimator.h */ = {isa = PBXFileReference; fileEncoding = 4; lastKnownFileType = sourcecode.c.h; path = POPAnimator.h; sourceTree = "<group>"; };
		879F59EE1DDCD1C0000185F8 /* POPAnimator.mm */ = {isa = PBXFileReference; fileEncoding = 4; lastKnownFileType = sourcecode.cpp.objcpp; path = POPAnimator.mm; sourceTree = "<group>"; };
		879F59EF1DDCD1C0000185F8 /* POPAnimatorPrivate.h */ = {isa = PBXFileReference; fileEncoding = 4; lastKnownFileType = sourcecode.c.h; path = POPAnimatorPrivate.h; sourceTree = "<group>"; };
		879F59F01DDCD1C0000185F8 /* POPBasicAnimation.h */ = {isa = PBXFileReference; fileEncoding = 4; lastKnownFileType = sourcecode.c.h; path = POPBasicAnimation.h; sourceTree = "<group>"; };
		879F59F11DDCD1C0000185F8 /* POPBasicAnimation.mm */ = {isa = PBXFileReference; fileEncoding = 4; lastKnownFileType = sourcecode.cpp.objcpp; path = POPBasicAnimation.mm; sourceTree = "<group>"; };
		879F59F21DDCD1C0000185F8 /* POPBasicAnimationInternal.h */ = {isa = PBXFileReference; fileEncoding = 4; lastKnownFileType = sourcecode.c.h; path = POPBasicAnimationInternal.h; sourceTree = "<group>"; };
		879F59F31DDCD1C0000185F8 /* POPCGUtils.h */ = {isa = PBXFileReference; fileEncoding = 4; lastKnownFileType = sourcecode.c.h; path = POPCGUtils.h; sourceTree = "<group>"; };
		879F59F41DDCD1C0000185F8 /* POPCGUtils.mm */ = {isa = PBXFileReference; fileEncoding = 4; lastKnownFileType = sourcecode.cpp.objcpp; path = POPCGUtils.mm; sourceTree = "<group>"; };
		879F59F51DDCD1C0000185F8 /* POPCustomAnimation.h */ = {isa = PBXFileReference; fileEncoding = 4; lastKnownFileType = sourcecode.c.h; path = POPCustomAnimation.h; sourceTree = "<group>"; };
		879F59F61DDCD1C0000185F8 /* POPCustomAnimation.mm */ = {isa = PBXFileReference; fileEncoding = 4; lastKnownFileType = sourcecode.cpp.objcpp; path = POPCustomAnimation.mm; sourceTree = "<group>"; };
		879F59F71DDCD1C0000185F8 /* POPDecayAnimation.h */ = {isa = PBXFileReference; fileEncoding = 4; lastKnownFileType = sourcecode.c.h; path = POPDecayAnimation.h; sourceTree = "<group>"; };
		879F59F81DDCD1C0000185F8 /* POPDecayAnimation.mm */ = {isa = PBXFileReference; fileEncoding = 4; lastKnownFileType = sourcecode.cpp.objcpp; path = POPDecayAnimation.mm; sourceTree = "<group>"; };
		879F59F91DDCD1C0000185F8 /* POPDecayAnimationInternal.h */ = {isa = PBXFileReference; fileEncoding = 4; lastKnownFileType = sourcecode.c.h; path = POPDecayAnimationInternal.h; sourceTree = "<group>"; };
		879F59FA1DDCD1C0000185F8 /* POPDefines.h */ = {isa = PBXFileReference; fileEncoding = 4; lastKnownFileType = sourcecode.c.h; path = POPDefines.h; sourceTree = "<group>"; };
		879F59FB1DDCD1C0000185F8 /* POPGeometry.h */ = {isa = PBXFileReference; fileEncoding = 4; lastKnownFileType = sourcecode.c.h; path = POPGeometry.h; sourceTree = "<group>"; };
		879F59FC1DDCD1C0000185F8 /* POPGeometry.mm */ = {isa = PBXFileReference; fileEncoding = 4; lastKnownFileType = sourcecode.cpp.objcpp; path = POPGeometry.mm; sourceTree = "<group>"; };
		879F59FD1DDCD1C0000185F8 /* POPLayerExtras.h */ = {isa = PBXFileReference; fileEncoding = 4; lastKnownFileType = sourcecode.c.h; path = POPLayerExtras.h; sourceTree = "<group>"; };
		879F59FE1DDCD1C0000185F8 /* POPLayerExtras.mm */ = {isa = PBXFileReference; fileEncoding = 4; lastKnownFileType = sourcecode.cpp.objcpp; path = POPLayerExtras.mm; sourceTree = "<group>"; };
		879F59FF1DDCD1C0000185F8 /* POPMath.h */ = {isa = PBXFileReference; fileEncoding = 4; lastKnownFileType = sourcecode.c.h; path = POPMath.h; sourceTree = "<group>"; };
		879F5A001DDCD1C0000185F8 /* POPMath.mm */ = {isa = PBXFileReference; fileEncoding = 4; lastKnownFileType = sourcecode.cpp.objcpp; path = POPMath.mm; sourceTree = "<group>"; };
		879F5A011DDCD1C0000185F8 /* POPPropertyAnimation.h */ = {isa = PBXFileReference; fileEncoding = 4; lastKnownFileType = sourcecode.c.h; path = POPPropertyAnimation.h; sourceTree = "<group>"; };
		879F5A021DDCD1C0000185F8 /* POPPropertyAnimation.mm */ = {isa = PBXFileReference; fileEncoding = 4; lastKnownFileType = sourcecode.cpp.objcpp; path = POPPropertyAnimation.mm; sourceTree = "<group>"; };
		879F5A031DDCD1C0000185F8 /* POPPropertyAnimationInternal.h */ = {isa = PBXFileReference; fileEncoding = 4; lastKnownFileType = sourcecode.c.h; path = POPPropertyAnimationInternal.h; sourceTree = "<group>"; };
		879F5A041DDCD1C0000185F8 /* POPSpringAnimation.h */ = {isa = PBXFileReference; fileEncoding = 4; lastKnownFileType = sourcecode.c.h; path = POPSpringAnimation.h; sourceTree = "<group>"; };
		879F5A051DDCD1C0000185F8 /* POPSpringAnimation.mm */ = {isa = PBXFileReference; fileEncoding = 4; lastKnownFileType = sourcecode.cpp.objcpp; path = POPSpringAnimation.mm; sourceTree = "<group>"; };
		879F5A061DDCD1C0000185F8 /* POPSpringAnimationInternal.h */ = {isa = PBXFileReference; fileEncoding = 4; lastKnownFileType = sourcecode.c.h; path = POPSpringAnimationInternal.h; sourceTree = "<group>"; };
		879F5A071DDCD1C0000185F8 /* POPSpringSolver.h */ = {isa = PBXFileReference; fileEncoding = 4; lastKnownFileType = sourcecode.c.h; path = POPSpringSolver.h; sourceTree = "<group>"; };
		879F5A081DDCD1C0000185F8 /* POPVector.h */ = {isa = PBXFileReference; fileEncoding = 4; lastKnownFileType = sourcecode.c.h; path = POPVector.h; sourceTree = "<group>"; };
		879F5A091DDCD1C0000185F8 /* POPVector.mm */ = {isa = PBXFileReference; fileEncoding = 4; lastKnownFileType = sourcecode.cpp.objcpp; path = POPVector.mm; sourceTree = "<group>"; };
		879F5A0B1DDCD1C0000185F8 /* FloatConversion.h */ = {isa = PBXFileReference; fileEncoding = 4; lastKnownFileType = sourcecode.c.h; path = FloatConversion.h; sourceTree = "<group>"; };
		879F5A0C1DDCD1C0000185F8 /* TransformationMatrix.cpp */ = {isa = PBXFileReference; fileEncoding = 4; lastKnownFileType = sourcecode.cpp.cpp; path = TransformationMatrix.cpp; sourceTree = "<group>"; };
		879F5A0D1DDCD1C0000185F8 /* TransformationMatrix.h */ = {isa = PBXFileReference; fileEncoding = 4; lastKnownFileType = sourcecode.c.h; path = TransformationMatrix.h; sourceTree = "<group>"; };
		879F5A0E1DDCD1C0000185F8 /* UnitBezier.h */ = {isa = PBXFileReference; fileEncoding = 4; lastKnownFileType = sourcecode.c.h; path = UnitBezier.h; sourceTree = "<group>"; };
		879F5A221DDCD440000185F8 /* ZEROBezierCell.h */ = {isa = PBXFileReference; fileEncoding = 4; lastKnownFileType = sourcecode.c.h; path = ZEROBezierCell.h; sourceTree = "<group>"; };
		879F5A231DDCD440000185F8 /* ZEROBezierCell.m */ = {isa = PBXFileReference; fileEncoding = 4; lastKnownFileType = sourcecode.c.objc; path = ZEROBezierCell.m; sourceTree = "<group>"; };
		879F5A241DDCD440000185F8 /* ZEROBezierCell.xib */ = {isa = PBXFileReference; fileEncoding = 4; lastKnownFileType = file.xib; path = ZEROBezierCell.xib; sourceTree = "<group>"; };
		879F5A251DDCD440000185F8 /* ZEROBezierTableView.h */ = {isa = PBXFileReference; fileEncoding = 4; lastKnownFileType = sourcecode.c.h; path = ZEROBezierTableView.h; sourceTree = "<group>"; };
		879F5A261DDCD440000185F8 /* ZEROBezierTableView.m */ = {isa = PBXFileReference; fileEncoding = 4; lastKnownFileType = sourcecode.c.objc; path = ZEROBezierTableView.m; sourceTree = "<group>"; };
		879F5A2B1DDCD545000185F8 /* NavPushViewController.h */ = {isa = PBXFileReference; fileEncoding = 4; lastKnownFileType = sourcecode.c.h; path = NavPushViewController.h; sourceTree = "<group>"; };
		879F5A2C1DDCD545000185F8 /* NavPushViewController.m */ = {isa = PBXFileReference; fileEncoding = 4; lastKnownFileType = sourcecode.c.objc; path = NavPushViewController.m; sourceTree = "<group>"; };
		879F5A2E1DDCD7BE000185F8 /* BezierTableViewController.h */ = {isa = PBXFileReference; fileEncoding = 4; lastKnownFileType = sourcecode.c.h; path = BezierTableViewController.h; sourceTree = "<group>"; };
		879F5A2F1DDCD7BE000185F8 /* BezierTableViewController.m */ = {isa = PBXFileReference; fileEncoding = 4; lastKnownFileType = sourcecode.c.objc; path = BezierTableViewController.m; sourceTree = "<group>"; };
		879F5A351DDCEBFE000185F8 /* NavRootViewController.h */ = {isa = PBXFileReference; fileEncoding = 4; lastKnownFileType = sourcecode.c.h; path = NavRootViewController.h; sourceTree = "<group>"; };
		879F5A361DDCEBFE000185F8 /* NavRootViewController.m */ = {isa = PBXFileReference; fileEncoding = 4; lastKnownFileType = sourcecode.c.objc; path = NavRootViewController.m; sourceTree = "<group>"; };
		87EBFAC41DDDF17700677DB9 /* AddSelectListCell.h */ = {isa = PBXFileReference; fileEncoding = 4; lastKnownFileType = sourcecode.c.h; path = AddSelectListCell.h; sourceTree = "<group>"; };
		87EBFAC51DDDF17700677DB9 /* AddSelectListCell.m */ = {isa = PBXFileReference; fileEncoding = 4; lastKnownFileType = sourcecode.c.objc; path = AddSelectListCell.m; sourceTree = "<group>"; };
		87EBFAC61DDDF17700677DB9 /* AddSelectListItem.h */ = {isa = PBXFileReference; fileEncoding = 4; lastKnownFileType = sourcecode.c.h; path = AddSelectListItem.h; sourceTree = "<group>"; };
		87EBFAC71DDDF17700677DB9 /* AddSelectListItem.m */ = {isa = PBXFileReference; fileEncoding = 4; lastKnownFileType = sourcecode.c.objc; path = AddSelectListItem.m; sourceTree = "<group>"; };
		87EBFACF1DDDF1FD00677DB9 /* AddListViewController.h */ = {isa = PBXFileReference; fileEncoding = 4; lastKnownFileType = sourcecode.c.h; path = AddListViewController.h; sourceTree = "<group>"; };
		87EBFAD01DDDF1FD00677DB9 /* AddListViewController.m */ = {isa = PBXFileReference; fileEncoding = 4; lastKnownFileType = sourcecode.c.objc; path = AddListViewController.m; sourceTree = "<group>"; };
		87EBFAD51DDE028500677DB9 /* PhotoChooseViewController.h */ = {isa = PBXFileReference; fileEncoding = 4; lastKnownFileType = sourcecode.c.h; path = PhotoChooseViewController.h; sourceTree = "<group>"; };
		87EBFAD61DDE028500677DB9 /* PhotoChooseViewController.m */ = {isa = PBXFileReference; fileEncoding = 4; lastKnownFileType = sourcecode.c.objc; path = PhotoChooseViewController.m; sourceTree = "<group>"; };
		87EBFADE1DDEA32B00677DB9 /* AddListController.h */ = {isa = PBXFileReference; fileEncoding = 4; lastKnownFileType = sourcecode.c.h; path = AddListController.h; sourceTree = "<group>"; };
		87EBFADF1DDEA32B00677DB9 /* AddListController.m */ = {isa = PBXFileReference; fileEncoding = 4; lastKnownFileType = sourcecode.c.objc; path = AddListController.m; sourceTree = "<group>"; };
		87EBFAE11DDEA9AE00677DB9 /* AddListView.h */ = {isa = PBXFileReference; fileEncoding = 4; lastKnownFileType = sourcecode.c.h; path = AddListView.h; sourceTree = "<group>"; };
		87EBFAE21DDEA9AE00677DB9 /* AddListView.m */ = {isa = PBXFileReference; fileEncoding = 4; lastKnownFileType = sourcecode.c.objc; path = AddListView.m; sourceTree = "<group>"; };
		87EBFAE51DDEC1E600677DB9 /* UIView+Ext.h */ = {isa = PBXFileReference; fileEncoding = 4; lastKnownFileType = sourcecode.c.h; path = "UIView+Ext.h"; sourceTree = "<group>"; };
		87EBFAE61DDEC1E600677DB9 /* UIView+Ext.m */ = {isa = PBXFileReference; fileEncoding = 4; lastKnownFileType = sourcecode.c.objc; path = "UIView+Ext.m"; sourceTree = "<group>"; };
/* End PBXFileReference section */

/* Begin PBXFrameworksBuildPhase section */
		879F59731DDC1F94000185F8 /* Frameworks */ = {
			isa = PBXFrameworksBuildPhase;
			buildActionMask = 2147483647;
			files = (
			);
			runOnlyForDeploymentPostprocessing = 0;
		};
		879F598C1DDC1F94000185F8 /* Frameworks */ = {
			isa = PBXFrameworksBuildPhase;
			buildActionMask = 2147483647;
			files = (
			);
			runOnlyForDeploymentPostprocessing = 0;
		};
		879F59971DDC1F94000185F8 /* Frameworks */ = {
			isa = PBXFrameworksBuildPhase;
			buildActionMask = 2147483647;
			files = (
			);
			runOnlyForDeploymentPostprocessing = 0;
		};
/* End PBXFrameworksBuildPhase section */

/* Begin PBXGroup section */
		871675F51DE04AFD003772C0 /* SDWebImage */ = {
			isa = PBXGroup;
			children = (
				871677A51DE208EC003772C0 /* MKAnnotationView+WebCache.h */,
				871677A61DE208EC003772C0 /* MKAnnotationView+WebCache.m */,
				871677A71DE208EC003772C0 /* NSData+ImageContentType.h */,
				871677A81DE208EC003772C0 /* NSData+ImageContentType.m */,
				871677A91DE208EC003772C0 /* SDImageCache.h */,
				871677AA1DE208EC003772C0 /* SDImageCache.m */,
				871677AB1DE208EC003772C0 /* SDWebImageCompat.h */,
				871677AC1DE208EC003772C0 /* SDWebImageCompat.m */,
				871677AD1DE208EC003772C0 /* SDWebImageDecoder.h */,
				871677AE1DE208EC003772C0 /* SDWebImageDecoder.m */,
				871677AF1DE208EC003772C0 /* SDWebImageDownloader.h */,
				871677B01DE208EC003772C0 /* SDWebImageDownloader.m */,
				871677B11DE208EC003772C0 /* SDWebImageDownloaderOperation.h */,
				871677B21DE208EC003772C0 /* SDWebImageDownloaderOperation.m */,
				871677B31DE208EC003772C0 /* SDWebImageManager.h */,
				871677B41DE208EC003772C0 /* SDWebImageManager.m */,
				871677B51DE208EC003772C0 /* SDWebImageOperation.h */,
				871677B61DE208EC003772C0 /* SDWebImagePrefetcher.h */,
				871677B71DE208EC003772C0 /* SDWebImagePrefetcher.m */,
				871677B81DE208EC003772C0 /* UIButton+WebCache.h */,
				871677B91DE208EC003772C0 /* UIButton+WebCache.m */,
				871677BA1DE208EC003772C0 /* UIImage+GIF.h */,
				871677BB1DE208EC003772C0 /* UIImage+GIF.m */,
				871677BC1DE208EC003772C0 /* UIImage+MultiFormat.h */,
				871677BD1DE208EC003772C0 /* UIImage+MultiFormat.m */,
				871677BE1DE208EC003772C0 /* UIImage+WebP.h */,
				871677BF1DE208EC003772C0 /* UIImage+WebP.m */,
				871677C01DE208EC003772C0 /* UIImageView+HighlightedWebCache.h */,
				871677C11DE208EC003772C0 /* UIImageView+HighlightedWebCache.m */,
				871677C21DE208EC003772C0 /* UIImageView+WebCache.h */,
				871677C31DE208EC003772C0 /* UIImageView+WebCache.m */,
				871677C41DE208EC003772C0 /* UIView+WebCacheOperation.h */,
				871677C51DE208EC003772C0 /* UIView+WebCacheOperation.m */,
			);
			path = SDWebImage;
			sourceTree = "<group>";
		};
		871676341DE06729003772C0 /* WWaterFallLayoutController */ = {
			isa = PBXGroup;
			children = (
				871676391DE067B5003772C0 /* WWaterFallViewController.h */,
				8716763A1DE067B5003772C0 /* WWaterFallViewController.m */,
				8716777F1DE0C87D003772C0 /* WWaterFallCell.h */,
				871677801DE0C87D003772C0 /* WWaterFallCell.m */,
				871677811DE0C87D003772C0 /* WWaterFallLayout.h */,
				871677821DE0C87D003772C0 /* WWaterFallLayout.m */,
				871677831DE0C87D003772C0 /* WWaterFallManager.h */,
				871677841DE0C87D003772C0 /* WWaterFallManager.m */,
				871677881DE0C896003772C0 /* Models */,
			);
			name = WWaterFallLayoutController;
			sourceTree = "<group>";
		};
		871676351DE0674A003772C0 /* HWaterFallLayoutController */ = {
			isa = PBXGroup;
			children = (
				871676361DE067A7003772C0 /* HWaterFallViewController.h */,
				871676371DE067A7003772C0 /* HWaterFallViewController.m */,
				8716779C1DE1EE83003772C0 /* HWaterFallCell.h */,
				8716779D1DE1EE83003772C0 /* HWaterFallCell.m */,
				871677A21DE1EEAA003772C0 /* HWaterFallLayout.h */,
				871677A31DE1EEAA003772C0 /* HWaterFallLayout.m */,
				8716779F1DE1EE95003772C0 /* HWaterFallManager.h */,
				871677A01DE1EE95003772C0 /* HWaterFallManager.m */,
			);
			name = HWaterFallLayoutController;
			sourceTree = "<group>";
		};
		871677451DE0C852003772C0 /* Networking */ = {
			isa = PBXGroup;
			children = (
				871677461DE0C852003772C0 /* AFNetworking */,
				871677541DE0C852003772C0 /* APiTool */,
				871677591DE0C852003772C0 /* UIKit+AFNetworking */,
			);
			path = Networking;
			sourceTree = "<group>";
		};
		871677461DE0C852003772C0 /* AFNetworking */ = {
			isa = PBXGroup;
			children = (
				871677471DE0C852003772C0 /* AFHTTPSessionManager.h */,
				871677481DE0C852003772C0 /* AFHTTPSessionManager.m */,
				871677491DE0C852003772C0 /* AFNetworking.h */,
				8716774A1DE0C852003772C0 /* AFNetworkReachabilityManager.h */,
				8716774B1DE0C852003772C0 /* AFNetworkReachabilityManager.m */,
				8716774C1DE0C852003772C0 /* AFSecurityPolicy.h */,
				8716774D1DE0C852003772C0 /* AFSecurityPolicy.m */,
				8716774E1DE0C852003772C0 /* AFURLRequestSerialization.h */,
				8716774F1DE0C852003772C0 /* AFURLRequestSerialization.m */,
				871677501DE0C852003772C0 /* AFURLResponseSerialization.h */,
				871677511DE0C852003772C0 /* AFURLResponseSerialization.m */,
				871677521DE0C852003772C0 /* AFURLSessionManager.h */,
				871677531DE0C852003772C0 /* AFURLSessionManager.m */,
			);
			path = AFNetworking;
			sourceTree = "<group>";
		};
		871677541DE0C852003772C0 /* APiTool */ = {
			isa = PBXGroup;
			children = (
				871677551DE0C852003772C0 /* ApiPostData.h */,
				871677561DE0C852003772C0 /* ApiPostData.m */,
				871677571DE0C852003772C0 /* ApiTool.h */,
				871677581DE0C852003772C0 /* ApiTool.m */,
			);
			path = APiTool;
			sourceTree = "<group>";
		};
		871677591DE0C852003772C0 /* UIKit+AFNetworking */ = {
			isa = PBXGroup;
			children = (
				8716775A1DE0C852003772C0 /* AFAutoPurgingImageCache.h */,
				8716775B1DE0C852003772C0 /* AFAutoPurgingImageCache.m */,
				8716775C1DE0C852003772C0 /* AFImageDownloader.h */,
				8716775D1DE0C852003772C0 /* AFImageDownloader.m */,
				8716775E1DE0C852003772C0 /* AFNetworkActivityIndicatorManager.h */,
				8716775F1DE0C852003772C0 /* AFNetworkActivityIndicatorManager.m */,
				871677601DE0C852003772C0 /* UIActivityIndicatorView+AFNetworking.h */,
				871677611DE0C852003772C0 /* UIActivityIndicatorView+AFNetworking.m */,
				871677621DE0C852003772C0 /* UIButton+AFNetworking.h */,
				871677631DE0C852003772C0 /* UIButton+AFNetworking.m */,
				871677641DE0C852003772C0 /* UIImage+AFNetworking.h */,
				871677651DE0C852003772C0 /* UIImageView+AFNetworking.h */,
				871677661DE0C852003772C0 /* UIImageView+AFNetworking.m */,
				871677671DE0C852003772C0 /* UIKit+AFNetworking.h */,
				871677681DE0C852003772C0 /* UIProgressView+AFNetworking.h */,
				871677691DE0C852003772C0 /* UIProgressView+AFNetworking.m */,
				8716776A1DE0C852003772C0 /* UIRefreshControl+AFNetworking.h */,
				8716776B1DE0C852003772C0 /* UIRefreshControl+AFNetworking.m */,
				8716776C1DE0C852003772C0 /* UIWebView+AFNetworking.h */,
				8716776D1DE0C852003772C0 /* UIWebView+AFNetworking.m */,
			);
			path = "UIKit+AFNetworking";
			sourceTree = "<group>";
		};
		871677881DE0C896003772C0 /* Models */ = {
			isa = PBXGroup;
			children = (
				871677891DE0C8A5003772C0 /* CmtsModel.h */,
				8716778A1DE0C8A5003772C0 /* CmtsModel.m */,
				8716778B1DE0C8A5003772C0 /* PictureData.h */,
				8716778C1DE0C8A5003772C0 /* PictureData.m */,
				8716778D1DE0C8A5003772C0 /* ResponseData.h */,
				8716778E1DE0C8A5003772C0 /* ResponseData.m */,
				8716778F1DE0C8A5003772C0 /* WaterfallPictureModel.h */,
				871677901DE0C8A5003772C0 /* WaterfallPictureModel.m */,
			);
			name = Models;
			sourceTree = "<group>";
		};
		871677981DE0CBC9003772C0 /* FileManager */ = {
			isa = PBXGroup;
			children = (
				871677991DE0CBD4003772C0 /* FileManager.h */,
				8716779A1DE0CBD4003772C0 /* FileManager.m */,
			);
			path = FileManager;
			sourceTree = "<group>";
		};
		879F596D1DDC1F94000185F8 = {
			isa = PBXGroup;
			children = (
				879F59781DDC1F94000185F8 /* ZEROControls */,
				879F59921DDC1F94000185F8 /* ZEROControlsTests */,
				879F599D1DDC1F94000185F8 /* ZEROControlsUITests */,
				879F59771DDC1F94000185F8 /* Products */,
			);
			sourceTree = "<group>";
		};
		879F59771DDC1F94000185F8 /* Products */ = {
			isa = PBXGroup;
			children = (
				879F59761DDC1F94000185F8 /* ZEROControls.app */,
				879F598F1DDC1F94000185F8 /* ZEROControlsTests.xctest */,
				879F599A1DDC1F94000185F8 /* ZEROControlsUITests.xctest */,
			);
			name = Products;
			sourceTree = "<group>";
		};
		879F59781DDC1F94000185F8 /* ZEROControls */ = {
			isa = PBXGroup;
			children = (
				879F597C1DDC1F94000185F8 /* AppDelegate.h */,
				879F597D1DDC1F94000185F8 /* AppDelegate.m */,
				879F59C61DDCC2DB000185F8 /* CustomClass */,
				879F59BB1DDCB69F000185F8 /* RootController */,
				879F59BC1DDCB6AB000185F8 /* Controllers */,
				879F59D31DDCCC64000185F8 /* UI-Component */,
				879F59D91DDCD15C000185F8 /* General-Tools */,
				879F59791DDC1F94000185F8 /* Supporting Files */,
			);
			path = ZEROControls;
			sourceTree = "<group>";
		};
		879F59791DDC1F94000185F8 /* Supporting Files */ = {
			isa = PBXGroup;
			children = (
				879F597F1DDC1F94000185F8 /* ViewController.h */,
				879F59801DDC1F94000185F8 /* ViewController.m */,
				879F59821DDC1F94000185F8 /* Main.storyboard */,
				879F59851DDC1F94000185F8 /* Assets.xcassets */,
				879F59871DDC1F94000185F8 /* LaunchScreen.storyboard */,
				879F598A1DDC1F94000185F8 /* Info.plist */,
				879F597A1DDC1F94000185F8 /* main.m */,
				879F59CF1DDCC43F000185F8 /* ZEROControls.pch */,
				879F59D81DDCCD7B000185F8 /* Define.h */,
				87320F331DE35EBD00B19A3C /* study.h */,
			);
			name = "Supporting Files";
			sourceTree = "<group>";
		};
		879F59921DDC1F94000185F8 /* ZEROControlsTests */ = {
			isa = PBXGroup;
			children = (
				879F59931DDC1F94000185F8 /* ZEROControlsTests.m */,
				879F59951DDC1F94000185F8 /* Info.plist */,
			);
			path = ZEROControlsTests;
			sourceTree = "<group>";
		};
		879F599D1DDC1F94000185F8 /* ZEROControlsUITests */ = {
			isa = PBXGroup;
			children = (
				879F599E1DDC1F94000185F8 /* ZEROControlsUITests.m */,
				879F59A01DDC1F94000185F8 /* Info.plist */,
			);
			path = ZEROControlsUITests;
			sourceTree = "<group>";
		};
		879F59BB1DDCB69F000185F8 /* RootController */ = {
			isa = PBXGroup;
			children = (
				879F59C01DDCC120000185F8 /* ZEROListViewController.h */,
				879F59C11DDCC120000185F8 /* ZEROListViewController.m */,
				879F59C31DDCC14F000185F8 /* ZEROListModel.h */,
				879F59C41DDCC14F000185F8 /* ZEROListModel.m */,
				879F59D01DDCC598000185F8 /* ZEROListCell.h */,
				879F59D11DDCC598000185F8 /* ZEROListCell.m */,
			);
			path = RootController;
			sourceTree = "<group>";
		};
		879F59BC1DDCB6AB000185F8 /* Controllers */ = {
			isa = PBXGroup;
			children = (
				879F5A211DDCD3F0000185F8 /* BezierTableViewController */,
				879F5A311DDCEBB1000185F8 /* CircleCollectionViewController */,
				87EBFACE1DDDF1B400677DB9 /* AddListViewController */,
				87EBFAD41DDE026D00677DB9 /* PhotoChooseViewController */,
				871676351DE0674A003772C0 /* HWaterFallLayoutController */,
				871676341DE06729003772C0 /* WWaterFallLayoutController */,
			);
			path = Controllers;
			sourceTree = "<group>";
		};
		879F59C61DDCC2DB000185F8 /* CustomClass */ = {
			isa = PBXGroup;
			children = (
				879F5A2A1DDCD532000185F8 /* CustomControllers */,
				879F59CB1DDCC310000185F8 /* CellDataAdapter */,
				879F59C71DDCC2E4000185F8 /* CustomCell */,
			);
			path = CustomClass;
			sourceTree = "<group>";
		};
		879F59C71DDCC2E4000185F8 /* CustomCell */ = {
			isa = PBXGroup;
			children = (
				879F59C81DDCC2FB000185F8 /* CustomCell.h */,
				879F59C91DDCC2FB000185F8 /* CustomCell.m */,
			);
			name = CustomCell;
			sourceTree = "<group>";
		};
		879F59CB1DDCC310000185F8 /* CellDataAdapter */ = {
			isa = PBXGroup;
			children = (
				879F59CC1DDCC340000185F8 /* CellDataItem.h */,
				879F59CD1DDCC340000185F8 /* CellDataItem.m */,
			);
			name = CellDataAdapter;
			sourceTree = "<group>";
		};
		879F59D31DDCCC64000185F8 /* UI-Component */ = {
			isa = PBXGroup;
			children = (
				87EBFAE41DDEC1A900677DB9 /* UIView+Ext */,
				879F59D41DDCCC8A000185F8 /* UIFont+Categories */,
			);
			path = "UI-Component";
			sourceTree = "<group>";
		};
		879F59D41DDCCC8A000185F8 /* UIFont+Categories */ = {
			isa = PBXGroup;
			children = (
				879F59D51DDCCC9F000185F8 /* UIFont+Fonts.h */,
				879F59D61DDCCC9F000185F8 /* UIFont+Fonts.m */,
			);
			name = "UIFont+Categories";
			sourceTree = "<group>";
		};
		879F59D91DDCD15C000185F8 /* General-Tools */ = {
			isa = PBXGroup;
			children = (
				871677981DE0CBC9003772C0 /* FileManager */,
				871677451DE0C852003772C0 /* Networking */,
				871675F51DE04AFD003772C0 /* SDWebImage */,
				87EBFAB51DDDEE5300677DB9 /* AddListView */,
				879F59DA1DDCD1C0000185F8 /* pop */,
			);
			path = "General-Tools";
			sourceTree = "<group>";
		};
		879F59DA1DDCD1C0000185F8 /* pop */ = {
			isa = PBXGroup;
			children = (
				879F59DB1DDCD1C0000185F8 /* POP.h */,
				879F59DC1DDCD1C0000185F8 /* POPAction.h */,
				879F59DD1DDCD1C0000185F8 /* POPAnimatableProperty.h */,
				879F59DE1DDCD1C0000185F8 /* POPAnimatableProperty.mm */,
				879F59DF1DDCD1C0000185F8 /* POPAnimation.h */,
				879F59E01DDCD1C0000185F8 /* POPAnimation.mm */,
				879F59E11DDCD1C0000185F8 /* POPAnimationEvent.h */,
				879F59E21DDCD1C0000185F8 /* POPAnimationEvent.mm */,
				879F59E31DDCD1C0000185F8 /* POPAnimationEventInternal.h */,
				879F59E41DDCD1C0000185F8 /* POPAnimationExtras.h */,
				879F59E51DDCD1C0000185F8 /* POPAnimationExtras.mm */,
				879F59E61DDCD1C0000185F8 /* POPAnimationInternal.h */,
				879F59E71DDCD1C0000185F8 /* POPAnimationPrivate.h */,
				879F59E81DDCD1C0000185F8 /* POPAnimationRuntime.h */,
				879F59E91DDCD1C0000185F8 /* POPAnimationRuntime.mm */,
				879F59EA1DDCD1C0000185F8 /* POPAnimationTracer.h */,
				879F59EB1DDCD1C0000185F8 /* POPAnimationTracer.mm */,
				879F59EC1DDCD1C0000185F8 /* POPAnimationTracerInternal.h */,
				879F59ED1DDCD1C0000185F8 /* POPAnimator.h */,
				879F59EE1DDCD1C0000185F8 /* POPAnimator.mm */,
				879F59EF1DDCD1C0000185F8 /* POPAnimatorPrivate.h */,
				879F59F01DDCD1C0000185F8 /* POPBasicAnimation.h */,
				879F59F11DDCD1C0000185F8 /* POPBasicAnimation.mm */,
				879F59F21DDCD1C0000185F8 /* POPBasicAnimationInternal.h */,
				879F59F31DDCD1C0000185F8 /* POPCGUtils.h */,
				879F59F41DDCD1C0000185F8 /* POPCGUtils.mm */,
				879F59F51DDCD1C0000185F8 /* POPCustomAnimation.h */,
				879F59F61DDCD1C0000185F8 /* POPCustomAnimation.mm */,
				879F59F71DDCD1C0000185F8 /* POPDecayAnimation.h */,
				879F59F81DDCD1C0000185F8 /* POPDecayAnimation.mm */,
				879F59F91DDCD1C0000185F8 /* POPDecayAnimationInternal.h */,
				879F59FA1DDCD1C0000185F8 /* POPDefines.h */,
				879F59FB1DDCD1C0000185F8 /* POPGeometry.h */,
				879F59FC1DDCD1C0000185F8 /* POPGeometry.mm */,
				879F59FD1DDCD1C0000185F8 /* POPLayerExtras.h */,
				879F59FE1DDCD1C0000185F8 /* POPLayerExtras.mm */,
				879F59FF1DDCD1C0000185F8 /* POPMath.h */,
				879F5A001DDCD1C0000185F8 /* POPMath.mm */,
				879F5A011DDCD1C0000185F8 /* POPPropertyAnimation.h */,
				879F5A021DDCD1C0000185F8 /* POPPropertyAnimation.mm */,
				879F5A031DDCD1C0000185F8 /* POPPropertyAnimationInternal.h */,
				879F5A041DDCD1C0000185F8 /* POPSpringAnimation.h */,
				879F5A051DDCD1C0000185F8 /* POPSpringAnimation.mm */,
				879F5A061DDCD1C0000185F8 /* POPSpringAnimationInternal.h */,
				879F5A071DDCD1C0000185F8 /* POPSpringSolver.h */,
				879F5A081DDCD1C0000185F8 /* POPVector.h */,
				879F5A091DDCD1C0000185F8 /* POPVector.mm */,
				879F5A0A1DDCD1C0000185F8 /* WebCore */,
			);
			path = pop;
			sourceTree = "<group>";
		};
		879F5A0A1DDCD1C0000185F8 /* WebCore */ = {
			isa = PBXGroup;
			children = (
				879F5A0B1DDCD1C0000185F8 /* FloatConversion.h */,
				879F5A0C1DDCD1C0000185F8 /* TransformationMatrix.cpp */,
				879F5A0D1DDCD1C0000185F8 /* TransformationMatrix.h */,
				879F5A0E1DDCD1C0000185F8 /* UnitBezier.h */,
			);
			path = WebCore;
			sourceTree = "<group>";
		};
		879F5A211DDCD3F0000185F8 /* BezierTableViewController */ = {
			isa = PBXGroup;
			children = (
				879F5A2E1DDCD7BE000185F8 /* BezierTableViewController.h */,
				879F5A2F1DDCD7BE000185F8 /* BezierTableViewController.m */,
				879F5A251DDCD440000185F8 /* ZEROBezierTableView.h */,
				879F5A261DDCD440000185F8 /* ZEROBezierTableView.m */,
				879F5A221DDCD440000185F8 /* ZEROBezierCell.h */,
				879F5A231DDCD440000185F8 /* ZEROBezierCell.m */,
				879F5A241DDCD440000185F8 /* ZEROBezierCell.xib */,
			);
			name = BezierTableViewController;
			sourceTree = "<group>";
		};
		879F5A2A1DDCD532000185F8 /* CustomControllers */ = {
			isa = PBXGroup;
			children = (
				879F5A351DDCEBFE000185F8 /* NavRootViewController.h */,
				879F5A361DDCEBFE000185F8 /* NavRootViewController.m */,
				879F5A2B1DDCD545000185F8 /* NavPushViewController.h */,
				879F5A2C1DDCD545000185F8 /* NavPushViewController.m */,
			);
			name = CustomControllers;
			sourceTree = "<group>";
		};
		879F5A311DDCEBB1000185F8 /* CircleCollectionViewController */ = {
			isa = PBXGroup;
			children = (
				871677951DE0C90D003772C0 /* CircleCollectionViewController.h */,
				871677961DE0C90D003772C0 /* CircleCollectionViewController.m */,
				87320F2B1DE3589A00B19A3C /* CircleLayout.h */,
				87320F2C1DE3589A00B19A3C /* CircleLayout.m */,
				87320F2E1DE358AD00B19A3C /* CircleCell.h */,
				87320F2F1DE358AD00B19A3C /* CircleCell.m */,
				87320F301DE358AD00B19A3C /* CircleCell.xib */,
			);
			name = CircleCollectionViewController;
			sourceTree = "<group>";
		};
		87EBFAB51DDDEE5300677DB9 /* AddListView */ = {
			isa = PBXGroup;
			children = (
				87EBFAC41DDDF17700677DB9 /* AddSelectListCell.h */,
				87EBFAC51DDDF17700677DB9 /* AddSelectListCell.m */,
				87EBFAC61DDDF17700677DB9 /* AddSelectListItem.h */,
				87EBFAC71DDDF17700677DB9 /* AddSelectListItem.m */,
				87EBFADE1DDEA32B00677DB9 /* AddListController.h */,
				87EBFADF1DDEA32B00677DB9 /* AddListController.m */,
				87EBFAE11DDEA9AE00677DB9 /* AddListView.h */,
				87EBFAE21DDEA9AE00677DB9 /* AddListView.m */,
			);
			path = AddListView;
			sourceTree = "<group>";
		};
		87EBFACE1DDDF1B400677DB9 /* AddListViewController */ = {
			isa = PBXGroup;
			children = (
				87EBFACF1DDDF1FD00677DB9 /* AddListViewController.h */,
				87EBFAD01DDDF1FD00677DB9 /* AddListViewController.m */,
			);
			name = AddListViewController;
			sourceTree = "<group>";
		};
		87EBFAD41DDE026D00677DB9 /* PhotoChooseViewController */ = {
			isa = PBXGroup;
			children = (
				87EBFAD51DDE028500677DB9 /* PhotoChooseViewController.h */,
				87EBFAD61DDE028500677DB9 /* PhotoChooseViewController.m */,
			);
			name = PhotoChooseViewController;
			sourceTree = "<group>";
		};
		87EBFAE41DDEC1A900677DB9 /* UIView+Ext */ = {
			isa = PBXGroup;
			children = (
				87EBFAE51DDEC1E600677DB9 /* UIView+Ext.h */,
				87EBFAE61DDEC1E600677DB9 /* UIView+Ext.m */,
			);
			name = "UIView+Ext";
			sourceTree = "<group>";
		};
/* End PBXGroup section */

/* Begin PBXNativeTarget section */
		879F59751DDC1F94000185F8 /* ZEROControls */ = {
			isa = PBXNativeTarget;
			buildConfigurationList = 879F59A31DDC1F94000185F8 /* Build configuration list for PBXNativeTarget "ZEROControls" */;
			buildPhases = (
				879F59721DDC1F94000185F8 /* Sources */,
				879F59731DDC1F94000185F8 /* Frameworks */,
				879F59741DDC1F94000185F8 /* Resources */,
			);
			buildRules = (
			);
			dependencies = (
			);
			name = ZEROControls;
			productName = ZEROControls;
			productReference = 879F59761DDC1F94000185F8 /* ZEROControls.app */;
			productType = "com.apple.product-type.application";
		};
		879F598E1DDC1F94000185F8 /* ZEROControlsTests */ = {
			isa = PBXNativeTarget;
			buildConfigurationList = 879F59A61DDC1F94000185F8 /* Build configuration list for PBXNativeTarget "ZEROControlsTests" */;
			buildPhases = (
				879F598B1DDC1F94000185F8 /* Sources */,
				879F598C1DDC1F94000185F8 /* Frameworks */,
				879F598D1DDC1F94000185F8 /* Resources */,
			);
			buildRules = (
			);
			dependencies = (
				879F59911DDC1F94000185F8 /* PBXTargetDependency */,
			);
			name = ZEROControlsTests;
			productName = ZEROControlsTests;
			productReference = 879F598F1DDC1F94000185F8 /* ZEROControlsTests.xctest */;
			productType = "com.apple.product-type.bundle.unit-test";
		};
		879F59991DDC1F94000185F8 /* ZEROControlsUITests */ = {
			isa = PBXNativeTarget;
			buildConfigurationList = 879F59A91DDC1F94000185F8 /* Build configuration list for PBXNativeTarget "ZEROControlsUITests" */;
			buildPhases = (
				879F59961DDC1F94000185F8 /* Sources */,
				879F59971DDC1F94000185F8 /* Frameworks */,
				879F59981DDC1F94000185F8 /* Resources */,
			);
			buildRules = (
			);
			dependencies = (
				879F599C1DDC1F94000185F8 /* PBXTargetDependency */,
			);
			name = ZEROControlsUITests;
			productName = ZEROControlsUITests;
			productReference = 879F599A1DDC1F94000185F8 /* ZEROControlsUITests.xctest */;
			productType = "com.apple.product-type.bundle.ui-testing";
		};
/* End PBXNativeTarget section */

/* Begin PBXProject section */
		879F596E1DDC1F94000185F8 /* Project object */ = {
			isa = PBXProject;
			attributes = {
				LastUpgradeCheck = 0800;
				ORGANIZATIONNAME = ZWX;
				TargetAttributes = {
					879F59751DDC1F94000185F8 = {
						CreatedOnToolsVersion = 8.0;
						DevelopmentTeam = 9L4D9UQ3SK;
						ProvisioningStyle = Automatic;
					};
					879F598E1DDC1F94000185F8 = {
						CreatedOnToolsVersion = 8.0;
						ProvisioningStyle = Automatic;
						TestTargetID = 879F59751DDC1F94000185F8;
					};
					879F59991DDC1F94000185F8 = {
						CreatedOnToolsVersion = 8.0;
						ProvisioningStyle = Automatic;
						TestTargetID = 879F59751DDC1F94000185F8;
					};
				};
			};
			buildConfigurationList = 879F59711DDC1F94000185F8 /* Build configuration list for PBXProject "ZEROControls" */;
			compatibilityVersion = "Xcode 3.2";
			developmentRegion = English;
			hasScannedForEncodings = 0;
			knownRegions = (
				en,
				Base,
			);
			mainGroup = 879F596D1DDC1F94000185F8;
			productRefGroup = 879F59771DDC1F94000185F8 /* Products */;
			projectDirPath = "";
			projectRoot = "";
			targets = (
				879F59751DDC1F94000185F8 /* ZEROControls */,
				879F598E1DDC1F94000185F8 /* ZEROControlsTests */,
				879F59991DDC1F94000185F8 /* ZEROControlsUITests */,
			);
		};
/* End PBXProject section */

/* Begin PBXResourcesBuildPhase section */
		879F59741DDC1F94000185F8 /* Resources */ = {
			isa = PBXResourcesBuildPhase;
			buildActionMask = 2147483647;
			files = (
				879F5A281DDCD440000185F8 /* ZEROBezierCell.xib in Resources */,
				879F59891DDC1F94000185F8 /* LaunchScreen.storyboard in Resources */,
				87320F321DE358AD00B19A3C /* CircleCell.xib in Resources */,
				879F59861DDC1F94000185F8 /* Assets.xcassets in Resources */,
				879F59841DDC1F94000185F8 /* Main.storyboard in Resources */,
			);
			runOnlyForDeploymentPostprocessing = 0;
		};
		879F598D1DDC1F94000185F8 /* Resources */ = {
			isa = PBXResourcesBuildPhase;
			buildActionMask = 2147483647;
			files = (
			);
			runOnlyForDeploymentPostprocessing = 0;
		};
		879F59981DDC1F94000185F8 /* Resources */ = {
			isa = PBXResourcesBuildPhase;
			buildActionMask = 2147483647;
			files = (
			);
			runOnlyForDeploymentPostprocessing = 0;
		};
/* End PBXResourcesBuildPhase section */

/* Begin PBXSourcesBuildPhase section */
		879F59721DDC1F94000185F8 /* Sources */ = {
			isa = PBXSourcesBuildPhase;
			buildActionMask = 2147483647;
			files = (
				871677D51DE208EC003772C0 /* UIView+WebCacheOperation.m in Sources */,
				871677C81DE208EC003772C0 /* SDImageCache.m in Sources */,
				87EBFAD11DDDF1FD00677DB9 /* AddListViewController.m in Sources */,
				871677C61DE208EC003772C0 /* MKAnnotationView+WebCache.m in Sources */,
				879F5A1F1DDCD1C0000185F8 /* POPVector.mm in Sources */,
				871677851DE0C87D003772C0 /* WWaterFallCell.m in Sources */,
				879F5A151DDCD1C0000185F8 /* POPAnimator.mm in Sources */,
				879F5A1E1DDCD1C0000185F8 /* POPSpringAnimation.mm in Sources */,
				87EBFACB1DDDF17700677DB9 /* AddSelectListCell.m in Sources */,
				8716777A1DE0C852003772C0 /* UIButton+AFNetworking.m in Sources */,
				879F59C51DDCC14F000185F8 /* ZEROListModel.m in Sources */,
				879F5A131DDCD1C0000185F8 /* POPAnimationRuntime.mm in Sources */,
				871677CC1DE208EC003772C0 /* SDWebImageDownloaderOperation.m in Sources */,
				871677771DE0C852003772C0 /* AFImageDownloader.m in Sources */,
				87320F2D1DE3589A00B19A3C /* CircleLayout.m in Sources */,
				879F59CE1DDCC340000185F8 /* CellDataItem.m in Sources */,
				871677761DE0C852003772C0 /* AFAutoPurgingImageCache.m in Sources */,
				87320F311DE358AD00B19A3C /* CircleCell.m in Sources */,
				871677A11DE1EE95003772C0 /* HWaterFallManager.m in Sources */,
				879F5A301DDCD7BE000185F8 /* BezierTableViewController.m in Sources */,
				871677921DE0C8A5003772C0 /* PictureData.m in Sources */,
				8716763B1DE067B5003772C0 /* WWaterFallViewController.m in Sources */,
				879F5A121DDCD1C0000185F8 /* POPAnimationExtras.mm in Sources */,
				879F5A191DDCD1C0000185F8 /* POPDecayAnimation.mm in Sources */,
				879F5A171DDCD1C0000185F8 /* POPCGUtils.mm in Sources */,
				8716776E1DE0C852003772C0 /* AFHTTPSessionManager.m in Sources */,
				879F59D71DDCCC9F000185F8 /* UIFont+Fonts.m in Sources */,
				879F59811DDC1F94000185F8 /* ViewController.m in Sources */,
				879F5A0F1DDCD1C0000185F8 /* POPAnimatableProperty.mm in Sources */,
				8716776F1DE0C852003772C0 /* AFNetworkReachabilityManager.m in Sources */,
				871676381DE067A7003772C0 /* HWaterFallViewController.m in Sources */,
				871677741DE0C852003772C0 /* ApiPostData.m in Sources */,
				87EBFAD71DDE028500677DB9 /* PhotoChooseViewController.m in Sources */,
				879F5A1C1DDCD1C0000185F8 /* POPMath.mm in Sources */,
				8716777D1DE0C852003772C0 /* UIRefreshControl+AFNetworking.m in Sources */,
				871677A41DE1EEAA003772C0 /* HWaterFallLayout.m in Sources */,
				879F5A201DDCD1C0000185F8 /* TransformationMatrix.cpp in Sources */,
				87EBFAE01DDEA32B00677DB9 /* AddListController.m in Sources */,
				879F5A1D1DDCD1C0000185F8 /* POPPropertyAnimation.mm in Sources */,
				879F59CA1DDCC2FB000185F8 /* CustomCell.m in Sources */,
				871677CF1DE208EC003772C0 /* UIButton+WebCache.m in Sources */,
				871677CE1DE208EC003772C0 /* SDWebImagePrefetcher.m in Sources */,
				871677871DE0C87D003772C0 /* WWaterFallManager.m in Sources */,
				871677CA1DE208EC003772C0 /* SDWebImageDecoder.m in Sources */,
				879F597E1DDC1F94000185F8 /* AppDelegate.m in Sources */,
				879F59D21DDCC598000185F8 /* ZEROListCell.m in Sources */,
				87EBFACC1DDDF17700677DB9 /* AddSelectListItem.m in Sources */,
				871677731DE0C852003772C0 /* AFURLSessionManager.m in Sources */,
				8716779B1DE0CBD4003772C0 /* FileManager.m in Sources */,
				871677911DE0C8A5003772C0 /* CmtsModel.m in Sources */,
				8716777E1DE0C852003772C0 /* UIWebView+AFNetworking.m in Sources */,
				871677721DE0C852003772C0 /* AFURLResponseSerialization.m in Sources */,
				871677791DE0C852003772C0 /* UIActivityIndicatorView+AFNetworking.m in Sources */,
				871677941DE0C8A5003772C0 /* WaterfallPictureModel.m in Sources */,
				879F5A371DDCEBFE000185F8 /* NavRootViewController.m in Sources */,
				87EBFAE31DDEA9AE00677DB9 /* AddListView.m in Sources */,
				871677971DE0C90D003772C0 /* CircleCollectionViewController.m in Sources */,
				871677D31DE208EC003772C0 /* UIImageView+HighlightedWebCache.m in Sources */,
				871677D01DE208EC003772C0 /* UIImage+GIF.m in Sources */,
				879F59C21DDCC120000185F8 /* ZEROListViewController.m in Sources */,
				871677CB1DE208EC003772C0 /* SDWebImageDownloader.m in Sources */,
				879F5A111DDCD1C0000185F8 /* POPAnimationEvent.mm in Sources */,
				871677D21DE208EC003772C0 /* UIImage+WebP.m in Sources */,
				879F5A271DDCD440000185F8 /* ZEROBezierCell.m in Sources */,
				8716779E1DE1EE83003772C0 /* HWaterFallCell.m in Sources */,
				871677CD1DE208EC003772C0 /* SDWebImageManager.m in Sources */,
				879F5A141DDCD1C0000185F8 /* POPAnimationTracer.mm in Sources */,
				879F5A291DDCD440000185F8 /* ZEROBezierTableView.m in Sources */,
				879F5A1B1DDCD1C0000185F8 /* POPLayerExtras.mm in Sources */,
				871677711DE0C852003772C0 /* AFURLRequestSerialization.m in Sources */,
				879F5A101DDCD1C0000185F8 /* POPAnimation.mm in Sources */,
				871677D11DE208EC003772C0 /* UIImage+MultiFormat.m in Sources */,
				871677C71DE208EC003772C0 /* NSData+ImageContentType.m in Sources */,
				879F5A1A1DDCD1C0000185F8 /* POPGeometry.mm in Sources */,
				8716777C1DE0C852003772C0 /* UIProgressView+AFNetworking.m in Sources */,
				871677D41DE208EC003772C0 /* UIImageView+WebCache.m in Sources */,
				879F5A2D1DDCD545000185F8 /* NavPushViewController.m in Sources */,
				871677C91DE208EC003772C0 /* SDWebImageCompat.m in Sources */,
				871677751DE0C852003772C0 /* ApiTool.m in Sources */,
				871677861DE0C87D003772C0 /* WWaterFallLayout.m in Sources */,
				871677931DE0C8A5003772C0 /* ResponseData.m in Sources */,
				87EBFAE71DDEC1E600677DB9 /* UIView+Ext.m in Sources */,
				879F597B1DDC1F94000185F8 /* main.m in Sources */,
				879F5A161DDCD1C0000185F8 /* POPBasicAnimation.mm in Sources */,
				871677781DE0C852003772C0 /* AFNetworkActivityIndicatorManager.m in Sources */,
				871677701DE0C852003772C0 /* AFSecurityPolicy.m in Sources */,
				8716777B1DE0C852003772C0 /* UIImageView+AFNetworking.m in Sources */,
				879F5A181DDCD1C0000185F8 /* POPCustomAnimation.mm in Sources */,
			);
			runOnlyForDeploymentPostprocessing = 0;
		};
		879F598B1DDC1F94000185F8 /* Sources */ = {
			isa = PBXSourcesBuildPhase;
			buildActionMask = 2147483647;
			files = (
				879F59941DDC1F94000185F8 /* ZEROControlsTests.m in Sources */,
			);
			runOnlyForDeploymentPostprocessing = 0;
		};
		879F59961DDC1F94000185F8 /* Sources */ = {
			isa = PBXSourcesBuildPhase;
			buildActionMask = 2147483647;
			files = (
				879F599F1DDC1F94000185F8 /* ZEROControlsUITests.m in Sources */,
			);
			runOnlyForDeploymentPostprocessing = 0;
		};
/* End PBXSourcesBuildPhase section */

/* Begin PBXTargetDependency section */
		879F59911DDC1F94000185F8 /* PBXTargetDependency */ = {
			isa = PBXTargetDependency;
			target = 879F59751DDC1F94000185F8 /* ZEROControls */;
			targetProxy = 879F59901DDC1F94000185F8 /* PBXContainerItemProxy */;
		};
		879F599C1DDC1F94000185F8 /* PBXTargetDependency */ = {
			isa = PBXTargetDependency;
			target = 879F59751DDC1F94000185F8 /* ZEROControls */;
			targetProxy = 879F599B1DDC1F94000185F8 /* PBXContainerItemProxy */;
		};
/* End PBXTargetDependency section */

/* Begin PBXVariantGroup section */
		879F59821DDC1F94000185F8 /* Main.storyboard */ = {
			isa = PBXVariantGroup;
			children = (
				879F59831DDC1F94000185F8 /* Base */,
			);
			name = Main.storyboard;
			sourceTree = "<group>";
		};
		879F59871DDC1F94000185F8 /* LaunchScreen.storyboard */ = {
			isa = PBXVariantGroup;
			children = (
				879F59881DDC1F94000185F8 /* Base */,
			);
			name = LaunchScreen.storyboard;
			sourceTree = "<group>";
		};
/* End PBXVariantGroup section */

/* Begin XCBuildConfiguration section */
		879F59A11DDC1F94000185F8 /* Debug */ = {
			isa = XCBuildConfiguration;
			buildSettings = {
				ALWAYS_SEARCH_USER_PATHS = NO;
				CLANG_ANALYZER_NONNULL = YES;
				CLANG_CXX_LANGUAGE_STANDARD = "gnu++0x";
				CLANG_CXX_LIBRARY = "libc++";
				CLANG_ENABLE_MODULES = YES;
				CLANG_ENABLE_OBJC_ARC = YES;
				CLANG_WARN_BOOL_CONVERSION = YES;
				CLANG_WARN_CONSTANT_CONVERSION = YES;
				CLANG_WARN_DIRECT_OBJC_ISA_USAGE = YES_ERROR;
				CLANG_WARN_DOCUMENTATION_COMMENTS = YES;
				CLANG_WARN_EMPTY_BODY = YES;
				CLANG_WARN_ENUM_CONVERSION = YES;
				CLANG_WARN_INFINITE_RECURSION = YES;
				CLANG_WARN_INT_CONVERSION = YES;
				CLANG_WARN_OBJC_ROOT_CLASS = YES_ERROR;
				CLANG_WARN_SUSPICIOUS_MOVES = YES;
				CLANG_WARN_UNREACHABLE_CODE = YES;
				CLANG_WARN__DUPLICATE_METHOD_MATCH = YES;
				"CODE_SIGN_IDENTITY[sdk=iphoneos*]" = "iPhone Developer";
				COPY_PHASE_STRIP = NO;
				DEBUG_INFORMATION_FORMAT = dwarf;
				ENABLE_STRICT_OBJC_MSGSEND = YES;
				ENABLE_TESTABILITY = YES;
				GCC_C_LANGUAGE_STANDARD = gnu99;
				GCC_DYNAMIC_NO_PIC = NO;
				GCC_NO_COMMON_BLOCKS = YES;
				GCC_OPTIMIZATION_LEVEL = 0;
				GCC_PREPROCESSOR_DEFINITIONS = (
					"DEBUG=1",
					"$(inherited)",
				);
				GCC_WARN_64_TO_32_BIT_CONVERSION = YES;
				GCC_WARN_ABOUT_RETURN_TYPE = YES_ERROR;
				GCC_WARN_UNDECLARED_SELECTOR = YES;
				GCC_WARN_UNINITIALIZED_AUTOS = YES_AGGRESSIVE;
				GCC_WARN_UNUSED_FUNCTION = YES;
				GCC_WARN_UNUSED_VARIABLE = YES;
				IPHONEOS_DEPLOYMENT_TARGET = 10.0;
				MTL_ENABLE_DEBUG_INFO = YES;
				ONLY_ACTIVE_ARCH = YES;
				SDKROOT = iphoneos;
			};
			name = Debug;
		};
		879F59A21DDC1F94000185F8 /* Release */ = {
			isa = XCBuildConfiguration;
			buildSettings = {
				ALWAYS_SEARCH_USER_PATHS = NO;
				CLANG_ANALYZER_NONNULL = YES;
				CLANG_CXX_LANGUAGE_STANDARD = "gnu++0x";
				CLANG_CXX_LIBRARY = "libc++";
				CLANG_ENABLE_MODULES = YES;
				CLANG_ENABLE_OBJC_ARC = YES;
				CLANG_WARN_BOOL_CONVERSION = YES;
				CLANG_WARN_CONSTANT_CONVERSION = YES;
				CLANG_WARN_DIRECT_OBJC_ISA_USAGE = YES_ERROR;
				CLANG_WARN_DOCUMENTATION_COMMENTS = YES;
				CLANG_WARN_EMPTY_BODY = YES;
				CLANG_WARN_ENUM_CONVERSION = YES;
				CLANG_WARN_INFINITE_RECURSION = YES;
				CLANG_WARN_INT_CONVERSION = YES;
				CLANG_WARN_OBJC_ROOT_CLASS = YES_ERROR;
				CLANG_WARN_SUSPICIOUS_MOVES = YES;
				CLANG_WARN_UNREACHABLE_CODE = YES;
				CLANG_WARN__DUPLICATE_METHOD_MATCH = YES;
				"CODE_SIGN_IDENTITY[sdk=iphoneos*]" = "iPhone Developer";
				COPY_PHASE_STRIP = NO;
				DEBUG_INFORMATION_FORMAT = "dwarf-with-dsym";
				ENABLE_NS_ASSERTIONS = NO;
				ENABLE_STRICT_OBJC_MSGSEND = YES;
				GCC_C_LANGUAGE_STANDARD = gnu99;
				GCC_NO_COMMON_BLOCKS = YES;
				GCC_WARN_64_TO_32_BIT_CONVERSION = YES;
				GCC_WARN_ABOUT_RETURN_TYPE = YES_ERROR;
				GCC_WARN_UNDECLARED_SELECTOR = YES;
				GCC_WARN_UNINITIALIZED_AUTOS = YES_AGGRESSIVE;
				GCC_WARN_UNUSED_FUNCTION = YES;
				GCC_WARN_UNUSED_VARIABLE = YES;
				IPHONEOS_DEPLOYMENT_TARGET = 10.0;
				MTL_ENABLE_DEBUG_INFO = NO;
				SDKROOT = iphoneos;
				VALIDATE_PRODUCT = YES;
			};
			name = Release;
		};
		879F59A41DDC1F94000185F8 /* Debug */ = {
			isa = XCBuildConfiguration;
			buildSettings = {
				ASSETCATALOG_COMPILER_APPICON_NAME = AppIcon;
				ASSETCATALOG_COMPILER_LAUNCHIMAGE_NAME = LaunchImage;
				"CODE_SIGN_IDENTITY[sdk=iphoneos*]" = "iPhone Developer";
				DEVELOPMENT_TEAM = 9L4D9UQ3SK;
				GCC_PRECOMPILE_PREFIX_HEADER = YES;
				GCC_PREFIX_HEADER = "$(SRCROOT)/$(PROJECT_NAME)/ZEROControls.pch";
				INFOPLIST_FILE = ZEROControls/Info.plist;
				IPHONEOS_DEPLOYMENT_TARGET = 9.0;
				LD_RUNPATH_SEARCH_PATHS = "$(inherited) @executable_path/Frameworks";
				PRODUCT_BUNDLE_IDENTIFIER = com.swkj.ZEROControls;
				PRODUCT_NAME = "$(TARGET_NAME)";
			};
			name = Debug;
		};
		879F59A51DDC1F94000185F8 /* Release */ = {
			isa = XCBuildConfiguration;
			buildSettings = {
				ASSETCATALOG_COMPILER_APPICON_NAME = AppIcon;
				ASSETCATALOG_COMPILER_LAUNCHIMAGE_NAME = LaunchImage;
				"CODE_SIGN_IDENTITY[sdk=iphoneos*]" = "iPhone Developer";
				DEVELOPMENT_TEAM = 9L4D9UQ3SK;
				GCC_PRECOMPILE_PREFIX_HEADER = YES;
				GCC_PREFIX_HEADER = "$(SRCROOT)/$(PROJECT_NAME)/ZEROControls.pch";
				INFOPLIST_FILE = ZEROControls/Info.plist;
				IPHONEOS_DEPLOYMENT_TARGET = 9.0;
				LD_RUNPATH_SEARCH_PATHS = "$(inherited) @executable_path/Frameworks";
				PRODUCT_BUNDLE_IDENTIFIER = com.swkj.ZEROControls;
				PRODUCT_NAME = "$(TARGET_NAME)";
			};
			name = Release;
		};
		879F59A71DDC1F94000185F8 /* Debug */ = {
			isa = XCBuildConfiguration;
			buildSettings = {
				BUNDLE_LOADER = "$(TEST_HOST)";
				INFOPLIST_FILE = ZEROControlsTests/Info.plist;
				LD_RUNPATH_SEARCH_PATHS = "$(inherited) @executable_path/Frameworks @loader_path/Frameworks";
				PRODUCT_BUNDLE_IDENTIFIER = com.swkj.ZEROControlsTests;
				PRODUCT_NAME = "$(TARGET_NAME)";
				TEST_HOST = "$(BUILT_PRODUCTS_DIR)/ZEROControls.app/ZEROControls";
			};
			name = Debug;
		};
		879F59A81DDC1F94000185F8 /* Release */ = {
			isa = XCBuildConfiguration;
			buildSettings = {
				BUNDLE_LOADER = "$(TEST_HOST)";
				INFOPLIST_FILE = ZEROControlsTests/Info.plist;
				LD_RUNPATH_SEARCH_PATHS = "$(inherited) @executable_path/Frameworks @loader_path/Frameworks";
				PRODUCT_BUNDLE_IDENTIFIER = com.swkj.ZEROControlsTests;
				PRODUCT_NAME = "$(TARGET_NAME)";
				TEST_HOST = "$(BUILT_PRODUCTS_DIR)/ZEROControls.app/ZEROControls";
			};
			name = Release;
		};
		879F59AA1DDC1F94000185F8 /* Debug */ = {
			isa = XCBuildConfiguration;
			buildSettings = {
				INFOPLIST_FILE = ZEROControlsUITests/Info.plist;
				LD_RUNPATH_SEARCH_PATHS = "$(inherited) @executable_path/Frameworks @loader_path/Frameworks";
				PRODUCT_BUNDLE_IDENTIFIER = com.swkj.ZEROControlsUITests;
				PRODUCT_NAME = "$(TARGET_NAME)";
				TEST_TARGET_NAME = ZEROControls;
			};
			name = Debug;
		};
		879F59AB1DDC1F94000185F8 /* Release */ = {
			isa = XCBuildConfiguration;
			buildSettings = {
				INFOPLIST_FILE = ZEROControlsUITests/Info.plist;
				LD_RUNPATH_SEARCH_PATHS = "$(inherited) @executable_path/Frameworks @loader_path/Frameworks";
				PRODUCT_BUNDLE_IDENTIFIER = com.swkj.ZEROControlsUITests;
				PRODUCT_NAME = "$(TARGET_NAME)";
				TEST_TARGET_NAME = ZEROControls;
			};
			name = Release;
		};
/* End XCBuildConfiguration section */

/* Begin XCConfigurationList section */
		879F59711DDC1F94000185F8 /* Build configuration list for PBXProject "ZEROControls" */ = {
			isa = XCConfigurationList;
			buildConfigurations = (
				879F59A11DDC1F94000185F8 /* Debug */,
				879F59A21DDC1F94000185F8 /* Release */,
			);
			defaultConfigurationIsVisible = 0;
			defaultConfigurationName = Release;
		};
		879F59A31DDC1F94000185F8 /* Build configuration list for PBXNativeTarget "ZEROControls" */ = {
			isa = XCConfigurationList;
			buildConfigurations = (
				879F59A41DDC1F94000185F8 /* Debug */,
				879F59A51DDC1F94000185F8 /* Release */,
			);
			defaultConfigurationIsVisible = 0;
			defaultConfigurationName = Release;
		};
		879F59A61DDC1F94000185F8 /* Build configuration list for PBXNativeTarget "ZEROControlsTests" */ = {
			isa = XCConfigurationList;
			buildConfigurations = (
				879F59A71DDC1F94000185F8 /* Debug */,
				879F59A81DDC1F94000185F8 /* Release */,
			);
			defaultConfigurationIsVisible = 0;
			defaultConfigurationName = Release;
		};
		879F59A91DDC1F94000185F8 /* Build configuration list for PBXNativeTarget "ZEROControlsUITests" */ = {
			isa = XCConfigurationList;
			buildConfigurations = (
				879F59AA1DDC1F94000185F8 /* Debug */,
				879F59AB1DDC1F94000185F8 /* Release */,
			);
			defaultConfigurationIsVisible = 0;
			defaultConfigurationName = Release;
		};
/* End XCConfigurationList section */
	};
	rootObject = 879F596E1DDC1F94000185F8 /* Project object */;
}
